PODS:
  - Alamofire (4.7.3)
  - Charts (3.2.1):
    - Charts/Core (= 3.2.1)
  - Charts/Core (3.2.1)
  - Differentiator (3.1.0)
  - FLAnimatedImage (1.0.12)
  - FoldingCell (4.0.2)
  - HandyJSON (5.0.0-beta.1)
  - Hero (1.4.0)
  - Kingfisher (4.6.4)
  - lottie-ios (2.5.2)
  - Material (2.16.4):
    - Material/Core (= 2.16.4)
  - Material/Core (2.16.4):
    - Motion (~> 1.4.3)
  - MJRefresh (3.1.15.7)
  - Motion (1.4.3):
    - Motion/Core (= 1.4.3)
  - Motion/Core (1.4.3)
  - Moya/Core (13.0.1):
    - Alamofire (~> 4.1)
    - Result (~> 4.1)
  - Moya/RxSwift (13.0.1):
    - Moya/Core
    - RxSwift (~> 4.0)
  - QMUIKit (4.0.0-beta):
    - QMUIKit/QMUIComponents (= 4.0.0-beta)
    - QMUIKit/QMUICore (= 4.0.0-beta)
    - QMUIKit/QMUILog (= 4.0.0-beta)
    - QMUIKit/QMUIMainFrame (= 4.0.0-beta)
    - QMUIKit/QMUIResources (= 4.0.0-beta)
    - QMUIKit/QMUIWeakObjectContainer (= 4.0.0-beta)
  - QMUIKit/QMUIComponents (4.0.0-beta):
    - QMUIKit/QMUIComponents/NavigationBarTransition (= 4.0.0-beta)
    - QMUIKit/QMUIComponents/QMUIAlertController (= 4.0.0-beta)
    - QMUIKit/QMUIComponents/QMUIAnimation (= 4.0.0-beta)
    - QMUIKit/QMUIComponents/QMUIAssetLibrary (= 4.0.0-beta)
    - QMUIKit/QMUIComponents/QMUIBadge (= 4.0.0-beta)
    - QMUIKit/QMUIComponents/QMUIButton (= 4.0.0-beta)
    - QMUIKit/QMUIComponents/QMUICAAnimationExtension (= 4.0.0-beta)
    - QMUIKit/QMUIComponents/QMUICellHeightCache (= 4.0.0-beta)
    - QMUIKit/QMUIComponents/QMUICellHeightKeyCache (= 4.0.0-beta)
    - QMUIKit/QMUIComponents/QMUICellSizeKeyCache (= 4.0.0-beta)
    - QMUIKit/QMUIComponents/QMUICollectionViewPagingLayout (= 4.0.0-beta)
    - QMUIKit/QMUIComponents/QMUIConsole (= 4.0.0-beta)
    - QMUIKit/QMUIComponents/QMUIDialogViewController (= 4.0.0-beta)
    - QMUIKit/QMUIComponents/QMUIEmotionInputManager (= 4.0.0-beta)
    - QMUIKit/QMUIComponents/QMUIEmotionView (= 4.0.0-beta)
    - QMUIKit/QMUIComponents/QMUIEmptyView (= 4.0.0-beta)
    - QMUIKit/QMUIComponents/QMUIFillButton (= 4.0.0-beta)
    - QMUIKit/QMUIComponents/QMUIFloatLayoutView (= 4.0.0-beta)
    - QMUIKit/QMUIComponents/QMUIGhostButton (= 4.0.0-beta)
    - QMUIKit/QMUIComponents/QMUIGridView (= 4.0.0-beta)
    - QMUIKit/QMUIComponents/QMUIImagePickerLibrary (= 4.0.0-beta)
    - QMUIKit/QMUIComponents/QMUIImagePreviewView (= 4.0.0-beta)
    - QMUIKit/QMUIComponents/QMUIKeyboardManager (= 4.0.0-beta)
    - QMUIKit/QMUIComponents/QMUILabel (= 4.0.0-beta)
    - QMUIKit/QMUIComponents/QMUILinkButton (= 4.0.0-beta)
    - QMUIKit/QMUIComponents/QMUILogManagerViewController (= 4.0.0-beta)
    - QMUIKit/QMUIComponents/QMUILogWithConfigurationSupported (= 4.0.0-beta)
    - QMUIKit/QMUIComponents/QMUIMarqueeLabel (= 4.0.0-beta)
    - QMUIKit/QMUIComponents/QMUIModalPresentationViewController (= 4.0.0-beta)
    - QMUIKit/QMUIComponents/QMUIMoreOperationController (= 4.0.0-beta)
    - QMUIKit/QMUIComponents/QMUIMultipleDelegates (= 4.0.0-beta)
    - QMUIKit/QMUIComponents/QMUINavigationButton (= 4.0.0-beta)
    - QMUIKit/QMUIComponents/QMUINavigationTitleView (= 4.0.0-beta)
    - QMUIKit/QMUIComponents/QMUIOrderedDictionary (= 4.0.0-beta)
    - QMUIKit/QMUIComponents/QMUIPieProgressView (= 4.0.0-beta)
    - QMUIKit/QMUIComponents/QMUIPopupContainerView (= 4.0.0-beta)
    - QMUIKit/QMUIComponents/QMUIPopupMenuView (= 4.0.0-beta)
    - QMUIKit/QMUIComponents/QMUIScrollAnimator (= 4.0.0-beta)
    - QMUIKit/QMUIComponents/QMUISearchBar (= 4.0.0-beta)
    - QMUIKit/QMUIComponents/QMUISearchController (= 4.0.0-beta)
    - QMUIKit/QMUIComponents/QMUISegmentedControl (= 4.0.0-beta)
    - QMUIKit/QMUIComponents/QMUISlider (= 4.0.0-beta)
    - QMUIKit/QMUIComponents/QMUIStaticTableView (= 4.0.0-beta)
    - QMUIKit/QMUIComponents/QMUITableView (= 4.0.0-beta)
    - QMUIKit/QMUIComponents/QMUITableViewCell (= 4.0.0-beta)
    - QMUIKit/QMUIComponents/QMUITableViewHeaderFooterView (= 4.0.0-beta)
    - QMUIKit/QMUIComponents/QMUITableViewProtocols (= 4.0.0-beta)
    - QMUIKit/QMUIComponents/QMUITestView (= 4.0.0-beta)
    - QMUIKit/QMUIComponents/QMUITextField (= 4.0.0-beta)
    - QMUIKit/QMUIComponents/QMUITextView (= 4.0.0-beta)
    - QMUIKit/QMUIComponents/QMUITheme (= 4.0.0-beta)
    - QMUIKit/QMUIComponents/QMUITips (= 4.0.0-beta)
    - QMUIKit/QMUIComponents/QMUIToastView (= 4.0.0-beta)
    - QMUIKit/QMUIComponents/QMUIToolbarButton (= 4.0.0-beta)
    - QMUIKit/QMUIComponents/QMUIVisualEffectView (= 4.0.0-beta)
    - QMUIKit/QMUIComponents/QMUIWindowSizeMonitor (= 4.0.0-beta)
    - QMUIKit/QMUIComponents/QMUIZoomImageView (= 4.0.0-beta)
    - QMUIKit/QMUICore
  - QMUIKit/QMUIComponents/NavigationBarTransition (4.0.0-beta):
    - QMUIKit/QMUIComponents/QMUINavigationTitleView
    - QMUIKit/QMUICore
    - QMUIKit/QMUIMainFrame
  - QMUIKit/QMUIComponents/QMUIAlertController (4.0.0-beta):
    - QMUIKit/QMUIComponents/QMUIButton
    - QMUIKit/QMUIComponents/QMUIModalPresentationViewController
    - QMUIKit/QMUIComponents/QMUITextField
    - QMUIKit/QMUICore
  - QMUIKit/QMUIComponents/QMUIAnimation (4.0.0-beta):
    - QMUIKit/QMUICore
  - QMUIKit/QMUIComponents/QMUIAssetLibrary (4.0.0-beta):
    - QMUIKit/QMUICore
  - QMUIKit/QMUIComponents/QMUIBadge (4.0.0-beta):
    - QMUIKit/QMUIComponents/QMUILabel
    - QMUIKit/QMUICore
  - QMUIKit/QMUIComponents/QMUIButton (4.0.0-beta):
    - QMUIKit/QMUICore
  - QMUIKit/QMUIComponents/QMUICAAnimationExtension (4.0.0-beta):
    - QMUIKit/QMUIComponents/QMUIMultipleDelegates
    - QMUIKit/QMUICore
  - QMUIKit/QMUIComponents/QMUICellHeightCache (4.0.0-beta):
    - QMUIKit/QMUIComponents/QMUITableViewProtocols
    - QMUIKit/QMUICore
  - QMUIKit/QMUIComponents/QMUICellHeightKeyCache (4.0.0-beta):
    - QMUIKit/QMUIComponents/QMUIMultipleDelegates
    - QMUIKit/QMUIComponents/QMUITableViewProtocols
    - QMUIKit/QMUICore
  - QMUIKit/QMUIComponents/QMUICellSizeKeyCache (4.0.0-beta):
    - QMUIKit/QMUIComponents/QMUIMultipleDelegates
    - QMUIKit/QMUICore
  - QMUIKit/QMUIComponents/QMUICollectionViewPagingLayout (4.0.0-beta):
    - QMUIKit/QMUICore
  - QMUIKit/QMUIComponents/QMUIConsole (4.0.0-beta):
    - QMUIKit/QMUIComponents/QMUIButton
    - QMUIKit/QMUIComponents/QMUICAAnimationExtension
    - QMUIKit/QMUIComponents/QMUIPopupMenuView
    - QMUIKit/QMUIComponents/QMUITextField
    - QMUIKit/QMUIComponents/QMUITextView
    - QMUIKit/QMUICore
  - QMUIKit/QMUIComponents/QMUIDialogViewController (4.0.0-beta):
    - QMUIKit/QMUIComponents/QMUIButton
    - QMUIKit/QMUIComponents/QMUILabel
    - QMUIKit/QMUIComponents/QMUIModalPresentationViewController
    - QMUIKit/QMUIComponents/QMUINavigationTitleView
    - QMUIKit/QMUIComponents/QMUITableView
    - QMUIKit/QMUIComponents/QMUITableViewCell
    - QMUIKit/QMUIComponents/QMUITextField
    - QMUIKit/QMUICore
    - QMUIKit/QMUIMainFrame
  - QMUIKit/QMUIComponents/QMUIEmotionInputManager (4.0.0-beta):
    - QMUIKit/QMUIComponents/QMUIEmotionView
    - QMUIKit/QMUICore
  - QMUIKit/QMUIComponents/QMUIEmotionView (4.0.0-beta):
    - QMUIKit/QMUIComponents/QMUIButton
    - QMUIKit/QMUICore
    - QMUIKit/QMUIResources
  - QMUIKit/QMUIComponents/QMUIEmptyView (4.0.0-beta):
    - QMUIKit/QMUIComponents/QMUIButton
    - QMUIKit/QMUICore
  - QMUIKit/QMUIComponents/QMUIFillButton (4.0.0-beta):
    - QMUIKit/QMUIComponents/QMUIButton
    - QMUIKit/QMUICore
  - QMUIKit/QMUIComponents/QMUIFloatLayoutView (4.0.0-beta):
    - QMUIKit/QMUICore
  - QMUIKit/QMUIComponents/QMUIGhostButton (4.0.0-beta):
    - QMUIKit/QMUIComponents/QMUIButton
    - QMUIKit/QMUICore
  - QMUIKit/QMUIComponents/QMUIGridView (4.0.0-beta):
    - QMUIKit/QMUICore
  - QMUIKit/QMUIComponents/QMUIImagePickerLibrary (4.0.0-beta):
    - QMUIKit/QMUIComponents/QMUIAlertController
    - QMUIKit/QMUIComponents/QMUIAssetLibrary
    - QMUIKit/QMUIComponents/QMUIButton
    - QMUIKit/QMUIComponents/QMUIEmptyView
    - QMUIKit/QMUIComponents/QMUIImagePreviewView
    - QMUIKit/QMUIComponents/QMUINavigationButton
    - QMUIKit/QMUIComponents/QMUITableViewCell
    - QMUIKit/QMUIComponents/QMUIZoomImageView
    - QMUIKit/QMUICore
    - QMUIKit/QMUIMainFrame
    - QMUIKit/QMUIResources
  - QMUIKit/QMUIComponents/QMUIImagePreviewView (4.0.0-beta):
    - QMUIKit/QMUIComponents/QMUIButton
    - QMUIKit/QMUIComponents/QMUICollectionViewPagingLayout
    - QMUIKit/QMUIComponents/QMUIEmptyView
    - QMUIKit/QMUIComponents/QMUIPieProgressView
    - QMUIKit/QMUIComponents/QMUIZoomImageView
    - QMUIKit/QMUICore
    - QMUIKit/QMUIMainFrame
  - QMUIKit/QMUIComponents/QMUIKeyboardManager (4.0.0-beta):
    - QMUIKit/QMUICore
  - QMUIKit/QMUIComponents/QMUILabel (4.0.0-beta):
    - QMUIKit/QMUICore
  - QMUIKit/QMUIComponents/QMUILinkButton (4.0.0-beta):
    - QMUIKit/QMUIComponents/QMUIButton
    - QMUIKit/QMUICore
  - QMUIKit/QMUIComponents/QMUILogManagerViewController (4.0.0-beta):
    - QMUIKit/QMUIComponents/QMUIPopupMenuView
    - QMUIKit/QMUIComponents/QMUISearchController
    - QMUIKit/QMUIComponents/QMUIStaticTableView
    - QMUIKit/QMUIComponents/QMUITableView
    - QMUIKit/QMUICore
    - QMUIKit/QMUIMainFrame
  - QMUIKit/QMUIComponents/QMUILogWithConfigurationSupported (4.0.0-beta):
    - QMUIKit/QMUICore
  - QMUIKit/QMUIComponents/QMUIMarqueeLabel (4.0.0-beta):
    - QMUIKit/QMUICore
  - QMUIKit/QMUIComponents/QMUIModalPresentationViewController (4.0.0-beta):
    - QMUIKit/QMUIComponents/QMUIKeyboardManager
    - QMUIKit/QMUICore
  - QMUIKit/QMUIComponents/QMUIMoreOperationController (4.0.0-beta):
    - QMUIKit/QMUIComponents/QMUIButton
    - QMUIKit/QMUIComponents/QMUIModalPresentationViewController
    - QMUIKit/QMUICore
  - QMUIKit/QMUIComponents/QMUIMultipleDelegates (4.0.0-beta):
    - QMUIKit/QMUICore
  - QMUIKit/QMUIComponents/QMUINavigationButton (4.0.0-beta):
    - QMUIKit/QMUICore
    - QMUIKit/QMUIMainFrame
  - QMUIKit/QMUIComponents/QMUINavigationTitleView (4.0.0-beta):
    - QMUIKit/QMUIComponents/QMUIButton
    - QMUIKit/QMUICore
  - QMUIKit/QMUIComponents/QMUIOrderedDictionary (4.0.0-beta):
    - QMUIKit/QMUICore
  - QMUIKit/QMUIComponents/QMUIPieProgressView (4.0.0-beta):
    - QMUIKit/QMUICore
  - QMUIKit/QMUIComponents/QMUIPopupContainerView (4.0.0-beta):
    - QMUIKit/QMUICore
    - QMUIKit/QMUIMainFrame
  - QMUIKit/QMUIComponents/QMUIPopupMenuView (4.0.0-beta):
    - QMUIKit/QMUIComponents/QMUIButton
    - QMUIKit/QMUIComponents/QMUIPopupContainerView
    - QMUIKit/QMUICore
  - QMUIKit/QMUIComponents/QMUIScrollAnimator (4.0.0-beta):
    - QMUIKit/QMUIComponents/QMUIMultipleDelegates
    - QMUIKit/QMUICore
  - QMUIKit/QMUIComponents/QMUISearchBar (4.0.0-beta):
    - QMUIKit/QMUICore
  - QMUIKit/QMUIComponents/QMUISearchController (4.0.0-beta):
    - QMUIKit/QMUIComponents/QMUIEmptyView
    - QMUIKit/QMUIComponents/QMUISearchBar
    - QMUIKit/QMUICore
    - QMUIKit/QMUIMainFrame
  - QMUIKit/QMUIComponents/QMUISegmentedControl (4.0.0-beta):
    - QMUIKit/QMUICore
  - QMUIKit/QMUIComponents/QMUISlider (4.0.0-beta):
    - QMUIKit/QMUICore
  - QMUIKit/QMUIComponents/QMUIStaticTableView (4.0.0-beta):
    - QMUIKit/QMUIComponents/QMUIMultipleDelegates
    - QMUIKit/QMUIComponents/QMUITableViewCell
    - QMUIKit/QMUICore
  - QMUIKit/QMUIComponents/QMUITableView (4.0.0-beta):
    - QMUIKit/QMUIComponents/QMUITableViewProtocols
    - QMUIKit/QMUICore
  - QMUIKit/QMUIComponents/QMUITableViewCell (4.0.0-beta):
    - QMUIKit/QMUIComponents/QMUIButton
    - QMUIKit/QMUICore
  - QMUIKit/QMUIComponents/QMUITableViewHeaderFooterView (4.0.0-beta):
    - QMUIKit/QMUICore
  - QMUIKit/QMUIComponents/QMUITableViewProtocols (4.0.0-beta):
    - QMUIKit/QMUICore
  - QMUIKit/QMUIComponents/QMUITestView (4.0.0-beta):
    - QMUIKit/QMUICore
  - QMUIKit/QMUIComponents/QMUITextField (4.0.0-beta):
    - QMUIKit/QMUIComponents/QMUIMultipleDelegates
    - QMUIKit/QMUICore
  - QMUIKit/QMUIComponents/QMUITextView (4.0.0-beta):
    - QMUIKit/QMUIComponents/QMUILabel
    - QMUIKit/QMUIComponents/QMUIMultipleDelegates
    - QMUIKit/QMUICore
  - QMUIKit/QMUIComponents/QMUITheme (4.0.0-beta):
    - QMUIKit/QMUIComponents/QMUIAlertController
    - QMUIKit/QMUIComponents/QMUIButton
    - QMUIKit/QMUIComponents/QMUIConsole
    - QMUIKit/QMUIComponents/QMUIEmotionView
    - QMUIKit/QMUIComponents/QMUIEmptyView
    - QMUIKit/QMUIComponents/QMUIFillButton
    - QMUIKit/QMUIComponents/QMUIGhostButton
    - QMUIKit/QMUIComponents/QMUIGridView
    - QMUIKit/QMUIComponents/QMUIImagePickerLibrary
    - QMUIKit/QMUIComponents/QMUIImagePreviewView
    - QMUIKit/QMUIComponents/QMUILabel
    - QMUIKit/QMUIComponents/QMUILinkButton
    - QMUIKit/QMUIComponents/QMUIPopupContainerView
    - QMUIKit/QMUIComponents/QMUIPopupMenuView
    - QMUIKit/QMUIComponents/QMUISlider
    - QMUIKit/QMUIComponents/QMUITextField
    - QMUIKit/QMUIComponents/QMUITextView
    - QMUIKit/QMUIComponents/QMUIToastView
    - QMUIKit/QMUIComponents/QMUIVisualEffectView
    - QMUIKit/QMUICore
  - QMUIKit/QMUIComponents/QMUITips (4.0.0-beta):
    - QMUIKit/QMUIComponents/QMUIToastView
    - QMUIKit/QMUICore
    - QMUIKit/QMUIResources
  - QMUIKit/QMUIComponents/QMUIToastView (4.0.0-beta):
    - QMUIKit/QMUIComponents/QMUIKeyboardManager
    - QMUIKit/QMUIComponents/QMUIVisualEffectView
    - QMUIKit/QMUICore
  - QMUIKit/QMUIComponents/QMUIToolbarButton (4.0.0-beta):
    - QMUIKit/QMUICore
  - QMUIKit/QMUIComponents/QMUIVisualEffectView (4.0.0-beta):
    - QMUIKit/QMUICore
  - QMUIKit/QMUIComponents/QMUIWindowSizeMonitor (4.0.0-beta):
    - QMUIKit/QMUICore
  - QMUIKit/QMUIComponents/QMUIZoomImageView (4.0.0-beta):
    - QMUIKit/QMUIComponents/QMUIAssetLibrary
    - QMUIKit/QMUIComponents/QMUIButton
    - QMUIKit/QMUIComponents/QMUIEmptyView
    - QMUIKit/QMUIComponents/QMUIPieProgressView
    - QMUIKit/QMUIComponents/QMUISlider
    - QMUIKit/QMUICore
  - QMUIKit/QMUICore (4.0.0-beta):
    - QMUIKit/QMUILog
    - QMUIKit/QMUIWeakObjectContainer
  - QMUIKit/QMUILog (4.0.0-beta)
  - QMUIKit/QMUIMainFrame (4.0.0-beta):
    - QMUIKit/QMUIComponents/QMUIEmptyView
    - QMUIKit/QMUIComponents/QMUIKeyboardManager
    - QMUIKit/QMUIComponents/QMUIMultipleDelegates
    - QMUIKit/QMUIComponents/QMUINavigationTitleView
    - QMUIKit/QMUIComponents/QMUITableView
    - QMUIKit/QMUIComponents/QMUITableViewHeaderFooterView
    - QMUIKit/QMUICore
    - QMUIKit/QMUILog
  - QMUIKit/QMUIResources (4.0.0-beta)
  - QMUIKit/QMUIWeakObjectContainer (4.0.0-beta)
  - Result (4.1.0)
  - RxAtomic (4.4.0)
  - RxBlocking (4.4.0):
    - RxAtomic (~> 4.4)
    - RxSwift (~> 4.0)
  - RxCocoa (4.4.0):
    - RxSwift (~> 4.0)
  - RxDataSources (3.1.0):
    - Differentiator (~> 3.0)
    - RxCocoa (~> 4.0)
    - RxSwift (~> 4.0)
  - RxSwift (4.4.0):
    - RxAtomic (~> 4.4)
  - SDWebImage (4.4.2):
    - SDWebImage/Core (= 4.4.2)
  - SDWebImage/Core (4.4.2)
  - SDWebImage/GIF (4.4.2):
    - FLAnimatedImage (~> 1.0)
    - SDWebImage/Core
  - SkeletonView (1.6)
  - SnapKit (4.2.0)
  - SVProgressHUD (2.2.5)

DEPENDENCIES:
  - Alamofire
  - Charts
  - FLAnimatedImage
  - FoldingCell
  - HandyJSON (~> 5.0.0-beta.1)
  - Hero
  - Kingfisher (~> 4.6.0)
  - lottie-ios
  - Material
  - MJRefresh
  - Moya/RxSwift (~> 13.0.1)
  - QMUIKit (~> 4.0.0-beta)
  - RxBlocking
  - RxCocoa
  - RxDataSources
  - RxSwift
  - SDWebImage
  - SDWebImage/GIF
  - SkeletonView
  - SnapKit
  - SVProgressHUD

SPEC REPOS:
  https://github.com/cocoapods/specs.git:
    - Alamofire
    - Charts
    - Differentiator
    - FLAnimatedImage
    - FoldingCell
    - HandyJSON
    - Hero
    - Kingfisher
    - lottie-ios
    - Material
    - MJRefresh
    - Motion
    - Moya
    - QMUIKit
    - Result
    - RxAtomic
    - RxBlocking
    - RxCocoa
    - RxDataSources
    - RxSwift
    - SDWebImage
    - SkeletonView
    - SnapKit
    - SVProgressHUD

SPEC CHECKSUMS:
  Alamofire: c7287b6e5d7da964a70935e5db17046b7fde6568
  Charts: f122fb70b19847fa5817d018b77d6c5a2296ab25
  Differentiator: be49ca3408f0ecfc761e4c7763d20c62be01b9ad
  FLAnimatedImage: 4a0b56255d9b05f18b6dd7ee06871be5d3b89e31
  FoldingCell: 352f0211a53f957b885a1b37d5ffa875da90bca5
  HandyJSON: 582477127ab3ab65bd2e471815f1a7b846856978
  Hero: bac92350d7201a1a940003e0767c7b52ce7c99a1
  Kingfisher: 68498a706e46c2a050b0c9572f100e5db407f6e0
  lottie-ios: 3fef45d3fabe63e3c7c2eb603dd64ddfffc73062
  Material: 4ed78690b09ffd148b5ffab6b4367fb1d8da1cd3
  MJRefresh: 697f8ec75ebdbe9207767bb682cf0f51b0d8a41f
  Motion: 153ba49692997888556c7a95207278a8b1f8be95
  Moya: f4a4b80ff2f8a4ffc208dfb31cd91636622fee6e
  QMUIKit: 8032527c7e2bb177d1adf1c5f5dd422d90af8b6e
  Result: bd966fac789cc6c1563440b348ab2598cc24d5c7
  RxAtomic: eacf60db868c96bfd63320e28619fe29c179656f
  RxBlocking: 138ad53217434444d6eeeb4fb406a45431d92e31
  RxCocoa: df63ebf7b9a70d6b4eeea407ed5dd4efc8979749
  RxDataSources: a843bad90c29817f5923ec8163f4af2de084ceb3
  RxSwift: 5976ecd04fc2fefd648827c23de5e11157faa973
  SDWebImage: 624d6e296c69b244bcede364c72ae0430ac14681
  SkeletonView: 6c2bf622c352c7e36b4f3c8d73afc46d6c9360d6
  SnapKit: fe8a619752f3f27075cc9a90244d75c6c3f27e2a
  SVProgressHUD: 1428aafac632c1f86f62aa4243ec12008d7a51d6

PODFILE CHECKSUM: 4efa6267e3bb9e25f78fa2142da779670fb5649d

COCOAPODS: 1.7.5
