PODS:
  - Alamofire (4.7.3)
  - Charts (3.2.1):
    - Charts/Core (= 3.2.1)
  - Charts/Core (3.2.1)
  - Differentiator (3.1.0)
  - FLAnimatedImage (1.0.12)
  - FoldingCell (4.0.2)
  - HandyJSON (4.2.0)
  - Hero (1.4.0)
  - Kingfisher (4.6.4)
  - lottie-ios (2.5.2)
  - Material (2.16.4):
    - Material/Core (= 2.16.4)
  - Material/Core (2.16.4):
    - Motion (~> 1.4.3)
  - MJRefresh (3.1.15.7)
  - Motion (1.4.3):
    - Motion/Core (= 1.4.3)
  - Motion/Core (1.4.3)
  - Moya/Core (11.0.2):
    - Alamofire (~> 4.1)
    - Result (~> 3.0)
  - Moya/RxSwift (11.0.2):
    - Moya/Core
    - RxSwift (~> 4.0)
  - QMUIKit (2.9.0):
    - QMUIKit/QMUIComponents (= 2.9.0)
    - QMUIKit/QMUICore (= 2.9.0)
    - QMUIKit/QMUILog (= 2.9.0)
    - QMUIKit/QMUIMainFrame (= 2.9.0)
    - QMUIKit/QMUIResources (= 2.9.0)
    - QMUIKit/QMUIWeakObjectContainer (= 2.9.0)
  - QMUIKit/QMUIComponents (2.9.0):
    - QMUIKit/QMUIComponents/NavigationBarTransition (= 2.9.0)
    - QMUIKit/QMUIComponents/QMUIAlertController (= 2.9.0)
    - QMUIKit/QMUIComponents/QMUIAssetLibrary (= 2.9.0)
    - QMUIKit/QMUIComponents/QMUIBadge (= 2.9.0)
    - QMUIKit/QMUIComponents/QMUIButton (= 2.9.0)
    - QMUIKit/QMUIComponents/QMUICAAnimationExtension (= 2.9.0)
    - QMUIKit/QMUIComponents/QMUICellHeightCache (= 2.9.0)
    - QMUIKit/QMUIComponents/QMUICellHeightKeyCache (= 2.9.0)
    - QMUIKit/QMUIComponents/QMUICellSizeKeyCache (= 2.9.0)
    - QMUIKit/QMUIComponents/QMUICollectionViewPagingLayout (= 2.9.0)
    - QMUIKit/QMUIComponents/QMUIDialogViewController (= 2.9.0)
    - QMUIKit/QMUIComponents/QMUIEmotionInputManager (= 2.9.0)
    - QMUIKit/QMUIComponents/QMUIEmotionView (= 2.9.0)
    - QMUIKit/QMUIComponents/QMUIEmptyView (= 2.9.0)
    - QMUIKit/QMUIComponents/QMUIFillButton (= 2.9.0)
    - QMUIKit/QMUIComponents/QMUIFloatLayoutView (= 2.9.0)
    - QMUIKit/QMUIComponents/QMUIGhostButton (= 2.9.0)
    - QMUIKit/QMUIComponents/QMUIGridView (= 2.9.0)
    - QMUIKit/QMUIComponents/QMUIImagePickerLibrary (= 2.9.0)
    - QMUIKit/QMUIComponents/QMUIImagePreviewView (= 2.9.0)
    - QMUIKit/QMUIComponents/QMUIImagePreviewViewController (= 2.9.0)
    - QMUIKit/QMUIComponents/QMUIKeyboardManager (= 2.9.0)
    - QMUIKit/QMUIComponents/QMUILabel (= 2.9.0)
    - QMUIKit/QMUIComponents/QMUILinkButton (= 2.9.0)
    - QMUIKit/QMUIComponents/QMUILogManagerViewController (= 2.9.0)
    - QMUIKit/QMUIComponents/QMUILogWithConfigurationSupported (= 2.9.0)
    - QMUIKit/QMUIComponents/QMUIMarqueeLabel (= 2.9.0)
    - QMUIKit/QMUIComponents/QMUIModalPresentationViewController (= 2.9.0)
    - QMUIKit/QMUIComponents/QMUIMoreOperationController (= 2.9.0)
    - QMUIKit/QMUIComponents/QMUIMultipleDelegates (= 2.9.0)
    - QMUIKit/QMUIComponents/QMUINavigationButton (= 2.9.0)
    - QMUIKit/QMUIComponents/QMUINavigationTitleView (= 2.9.0)
    - QMUIKit/QMUIComponents/QMUIOrderedDictionary (= 2.9.0)
    - QMUIKit/QMUIComponents/QMUIPieProgressView (= 2.9.0)
    - QMUIKit/QMUIComponents/QMUIPopupContainerView (= 2.9.0)
    - QMUIKit/QMUIComponents/QMUIPopupMenuView (= 2.9.0)
    - QMUIKit/QMUIComponents/QMUIScrollAnimator (= 2.9.0)
    - QMUIKit/QMUIComponents/QMUISearchBar (= 2.9.0)
    - QMUIKit/QMUIComponents/QMUISearchController (= 2.9.0)
    - QMUIKit/QMUIComponents/QMUISegmentedControl (= 2.9.0)
    - QMUIKit/QMUIComponents/QMUISlider (= 2.9.0)
    - QMUIKit/QMUIComponents/QMUIStaticTableView (= 2.9.0)
    - QMUIKit/QMUIComponents/QMUITableView (= 2.9.0)
    - QMUIKit/QMUIComponents/QMUITableViewCell (= 2.9.0)
    - QMUIKit/QMUIComponents/QMUITableViewHeaderFooterView (= 2.9.0)
    - QMUIKit/QMUIComponents/QMUITableViewProtocols (= 2.9.0)
    - QMUIKit/QMUIComponents/QMUITestView (= 2.9.0)
    - QMUIKit/QMUIComponents/QMUITextField (= 2.9.0)
    - QMUIKit/QMUIComponents/QMUITextView (= 2.9.0)
    - QMUIKit/QMUIComponents/QMUITips (= 2.9.0)
    - QMUIKit/QMUIComponents/QMUIToastView (= 2.9.0)
    - QMUIKit/QMUIComponents/QMUIToolbarButton (= 2.9.0)
    - QMUIKit/QMUIComponents/QMUIVisualEffectView (= 2.9.0)
    - QMUIKit/QMUIComponents/QMUIZoomImageView (= 2.9.0)
    - QMUIKit/QMUICore
  - QMUIKit/QMUIComponents/NavigationBarTransition (2.9.0):
    - QMUIKit/QMUIComponents/QMUINavigationTitleView
    - QMUIKit/QMUICore
    - QMUIKit/QMUIMainFrame
  - QMUIKit/QMUIComponents/QMUIAlertController (2.9.0):
    - QMUIKit/QMUIComponents/QMUIButton
    - QMUIKit/QMUIComponents/QMUIModalPresentationViewController
    - QMUIKit/QMUIComponents/QMUITextField
    - QMUIKit/QMUICore
  - QMUIKit/QMUIComponents/QMUIAssetLibrary (2.9.0):
    - QMUIKit/QMUICore
  - QMUIKit/QMUIComponents/QMUIBadge (2.9.0):
    - QMUIKit/QMUIComponents/QMUILabel
    - QMUIKit/QMUICore
  - QMUIKit/QMUIComponents/QMUIButton (2.9.0):
    - QMUIKit/QMUICore
  - QMUIKit/QMUIComponents/QMUICAAnimationExtension (2.9.0):
    - QMUIKit/QMUIComponents/QMUIMultipleDelegates
    - QMUIKit/QMUICore
  - QMUIKit/QMUIComponents/QMUICellHeightCache (2.9.0):
    - QMUIKit/QMUIComponents/QMUITableViewProtocols
    - QMUIKit/QMUICore
  - QMUIKit/QMUIComponents/QMUICellHeightKeyCache (2.9.0):
    - QMUIKit/QMUIComponents/QMUIMultipleDelegates
    - QMUIKit/QMUIComponents/QMUITableViewProtocols
    - QMUIKit/QMUICore
  - QMUIKit/QMUIComponents/QMUICellSizeKeyCache (2.9.0):
    - QMUIKit/QMUIComponents/QMUIMultipleDelegates
    - QMUIKit/QMUICore
  - QMUIKit/QMUIComponents/QMUICollectionViewPagingLayout (2.9.0):
    - QMUIKit/QMUICore
  - QMUIKit/QMUIComponents/QMUIDialogViewController (2.9.0):
    - QMUIKit/QMUIComponents/QMUIButton
    - QMUIKit/QMUIComponents/QMUILabel
    - QMUIKit/QMUIComponents/QMUIModalPresentationViewController
    - QMUIKit/QMUIComponents/QMUINavigationTitleView
    - QMUIKit/QMUIComponents/QMUITableView
    - QMUIKit/QMUIComponents/QMUITableViewCell
    - QMUIKit/QMUIComponents/QMUITextField
    - QMUIKit/QMUICore
    - QMUIKit/QMUIMainFrame
  - QMUIKit/QMUIComponents/QMUIEmotionInputManager (2.9.0):
    - QMUIKit/QMUIComponents/QMUIEmotionView
    - QMUIKit/QMUICore
  - QMUIKit/QMUIComponents/QMUIEmotionView (2.9.0):
    - QMUIKit/QMUIComponents/QMUIButton
    - QMUIKit/QMUICore
    - QMUIKit/QMUIResources
  - QMUIKit/QMUIComponents/QMUIEmptyView (2.9.0):
    - QMUIKit/QMUIComponents/QMUIButton
    - QMUIKit/QMUICore
  - QMUIKit/QMUIComponents/QMUIFillButton (2.9.0):
    - QMUIKit/QMUIComponents/QMUIButton
    - QMUIKit/QMUICore
  - QMUIKit/QMUIComponents/QMUIFloatLayoutView (2.9.0):
    - QMUIKit/QMUICore
  - QMUIKit/QMUIComponents/QMUIGhostButton (2.9.0):
    - QMUIKit/QMUIComponents/QMUIButton
    - QMUIKit/QMUICore
  - QMUIKit/QMUIComponents/QMUIGridView (2.9.0):
    - QMUIKit/QMUICore
  - QMUIKit/QMUIComponents/QMUIImagePickerLibrary (2.9.0):
    - QMUIKit/QMUIComponents/QMUIAlertController
    - QMUIKit/QMUIComponents/QMUIAssetLibrary
    - QMUIKit/QMUIComponents/QMUIButton
    - QMUIKit/QMUIComponents/QMUIEmptyView
    - QMUIKit/QMUIComponents/QMUIImagePreviewViewController
    - QMUIKit/QMUIComponents/QMUINavigationButton
    - QMUIKit/QMUIComponents/QMUITableViewCell
    - QMUIKit/QMUIComponents/QMUIZoomImageView
    - QMUIKit/QMUICore
    - QMUIKit/QMUIMainFrame
    - QMUIKit/QMUIResources
  - QMUIKit/QMUIComponents/QMUIImagePreviewView (2.9.0):
    - QMUIKit/QMUIComponents/QMUIButton
    - QMUIKit/QMUIComponents/QMUICollectionViewPagingLayout
    - QMUIKit/QMUIComponents/QMUIEmptyView
    - QMUIKit/QMUIComponents/QMUIPieProgressView
    - QMUIKit/QMUIComponents/QMUIZoomImageView
    - QMUIKit/QMUICore
  - QMUIKit/QMUIComponents/QMUIImagePreviewViewController (2.9.0):
    - QMUIKit/QMUIComponents/QMUIImagePreviewView
    - QMUIKit/QMUICore
    - QMUIKit/QMUIMainFrame
  - QMUIKit/QMUIComponents/QMUIKeyboardManager (2.9.0):
    - QMUIKit/QMUICore
  - QMUIKit/QMUIComponents/QMUILabel (2.9.0):
    - QMUIKit/QMUICore
  - QMUIKit/QMUIComponents/QMUILinkButton (2.9.0):
    - QMUIKit/QMUIComponents/QMUIButton
    - QMUIKit/QMUICore
  - QMUIKit/QMUIComponents/QMUILogManagerViewController (2.9.0):
    - QMUIKit/QMUIComponents/QMUIPopupMenuView
    - QMUIKit/QMUIComponents/QMUISearchController
    - QMUIKit/QMUIComponents/QMUIStaticTableView
    - QMUIKit/QMUIComponents/QMUITableView
    - QMUIKit/QMUICore
    - QMUIKit/QMUIMainFrame
  - QMUIKit/QMUIComponents/QMUILogWithConfigurationSupported (2.9.0):
    - QMUIKit/QMUICore
  - QMUIKit/QMUIComponents/QMUIMarqueeLabel (2.9.0):
    - QMUIKit/QMUICore
  - QMUIKit/QMUIComponents/QMUIModalPresentationViewController (2.9.0):
    - QMUIKit/QMUIComponents/QMUIKeyboardManager
    - QMUIKit/QMUICore
  - QMUIKit/QMUIComponents/QMUIMoreOperationController (2.9.0):
    - QMUIKit/QMUIComponents/QMUIButton
    - QMUIKit/QMUIComponents/QMUIModalPresentationViewController
    - QMUIKit/QMUICore
  - QMUIKit/QMUIComponents/QMUIMultipleDelegates (2.9.0):
    - QMUIKit/QMUICore
  - QMUIKit/QMUIComponents/QMUINavigationButton (2.9.0):
    - QMUIKit/QMUICore
    - QMUIKit/QMUIMainFrame
  - QMUIKit/QMUIComponents/QMUINavigationTitleView (2.9.0):
    - QMUIKit/QMUIComponents/QMUIButton
    - QMUIKit/QMUICore
  - QMUIKit/QMUIComponents/QMUIOrderedDictionary (2.9.0):
    - QMUIKit/QMUICore
  - QMUIKit/QMUIComponents/QMUIPieProgressView (2.9.0):
    - QMUIKit/QMUICore
  - QMUIKit/QMUIComponents/QMUIPopupContainerView (2.9.0):
    - QMUIKit/QMUICore
    - QMUIKit/QMUIMainFrame
  - QMUIKit/QMUIComponents/QMUIPopupMenuView (2.9.0):
    - QMUIKit/QMUIComponents/QMUIButton
    - QMUIKit/QMUIComponents/QMUIPopupContainerView
    - QMUIKit/QMUICore
  - QMUIKit/QMUIComponents/QMUIScrollAnimator (2.9.0):
    - QMUIKit/QMUIComponents/QMUIMultipleDelegates
    - QMUIKit/QMUICore
  - QMUIKit/QMUIComponents/QMUISearchBar (2.9.0):
    - QMUIKit/QMUICore
  - QMUIKit/QMUIComponents/QMUISearchController (2.9.0):
    - QMUIKit/QMUIComponents/QMUIEmptyView
    - QMUIKit/QMUIComponents/QMUISearchBar
    - QMUIKit/QMUICore
    - QMUIKit/QMUIMainFrame
  - QMUIKit/QMUIComponents/QMUISegmentedControl (2.9.0):
    - QMUIKit/QMUICore
  - QMUIKit/QMUIComponents/QMUISlider (2.9.0):
    - QMUIKit/QMUICore
  - QMUIKit/QMUIComponents/QMUIStaticTableView (2.9.0):
    - QMUIKit/QMUIComponents/QMUIMultipleDelegates
    - QMUIKit/QMUIComponents/QMUITableViewCell
    - QMUIKit/QMUICore
  - QMUIKit/QMUIComponents/QMUITableView (2.9.0):
    - QMUIKit/QMUIComponents/QMUITableViewProtocols
    - QMUIKit/QMUICore
  - QMUIKit/QMUIComponents/QMUITableViewCell (2.9.0):
    - QMUIKit/QMUIComponents/QMUIButton
    - QMUIKit/QMUICore
  - QMUIKit/QMUIComponents/QMUITableViewHeaderFooterView (2.9.0):
    - QMUIKit/QMUICore
  - QMUIKit/QMUIComponents/QMUITableViewProtocols (2.9.0):
    - QMUIKit/QMUICore
  - QMUIKit/QMUIComponents/QMUITestView (2.9.0):
    - QMUIKit/QMUICore
  - QMUIKit/QMUIComponents/QMUITextField (2.9.0):
    - QMUIKit/QMUIComponents/QMUIMultipleDelegates
    - QMUIKit/QMUICore
  - QMUIKit/QMUIComponents/QMUITextView (2.9.0):
    - QMUIKit/QMUIComponents/QMUILabel
    - QMUIKit/QMUIComponents/QMUIMultipleDelegates
    - QMUIKit/QMUICore
  - QMUIKit/QMUIComponents/QMUITips (2.9.0):
    - QMUIKit/QMUIComponents/QMUIToastView
    - QMUIKit/QMUICore
    - QMUIKit/QMUIResources
  - QMUIKit/QMUIComponents/QMUIToastView (2.9.0):
    - QMUIKit/QMUIComponents/QMUIKeyboardManager
    - QMUIKit/QMUICore
  - QMUIKit/QMUIComponents/QMUIToolbarButton (2.9.0):
    - QMUIKit/QMUICore
  - QMUIKit/QMUIComponents/QMUIVisualEffectView (2.9.0):
    - QMUIKit/QMUICore
  - QMUIKit/QMUIComponents/QMUIZoomImageView (2.9.0):
    - QMUIKit/QMUIComponents/QMUIAssetLibrary
    - QMUIKit/QMUIComponents/QMUIButton
    - QMUIKit/QMUIComponents/QMUIEmptyView
    - QMUIKit/QMUIComponents/QMUIPieProgressView
    - QMUIKit/QMUIComponents/QMUISlider
    - QMUIKit/QMUICore
  - QMUIKit/QMUICore (2.9.0):
    - QMUIKit/QMUILog
    - QMUIKit/QMUIWeakObjectContainer
  - QMUIKit/QMUILog (2.9.0)
  - QMUIKit/QMUIMainFrame (2.9.0):
    - QMUIKit/QMUIComponents/QMUIEmptyView
    - QMUIKit/QMUIComponents/QMUIKeyboardManager
    - QMUIKit/QMUIComponents/QMUIMultipleDelegates
    - QMUIKit/QMUIComponents/QMUINavigationTitleView
    - QMUIKit/QMUIComponents/QMUITableView
    - QMUIKit/QMUIComponents/QMUITableViewHeaderFooterView
    - QMUIKit/QMUICore
    - QMUIKit/QMUILog
  - QMUIKit/QMUIResources (2.9.0)
  - QMUIKit/QMUIWeakObjectContainer (2.9.0)
  - Result (3.2.4)
  - RxAtomic (4.4.0)
  - RxBlocking (4.4.0):
    - RxAtomic (~> 4.4)
    - RxSwift (~> 4.0)
  - RxCocoa (4.4.0):
    - RxSwift (~> 4.0)
  - RxDataSources (3.1.0):
    - Differentiator (~> 3.0)
    - RxCocoa (~> 4.0)
    - RxSwift (~> 4.0)
  - RxSwift (4.4.0):
    - RxAtomic (~> 4.4)
  - SDWebImage (4.4.2):
    - SDWebImage/Core (= 4.4.2)
  - SDWebImage/Core (4.4.2)
  - SDWebImage/GIF (4.4.2):
    - FLAnimatedImage (~> 1.0)
    - SDWebImage/Core
  - SnapKit (4.2.0)
  - SVProgressHUD (2.2.5)

DEPENDENCIES:
  - Alamofire
  - Charts
  - FLAnimatedImage
  - FoldingCell
  - HandyJSON
  - Hero
  - Kingfisher (~> 4.6.0)
  - lottie-ios
  - Material
  - MJRefresh
  - Moya/RxSwift (~> 11.0)
  - QMUIKit
  - RxBlocking
  - RxCocoa
  - RxDataSources
  - RxSwift
  - SDWebImage
  - SDWebImage/GIF
  - SnapKit
  - SVProgressHUD

SPEC REPOS:
  https://github.com/cocoapods/specs.git:
    - Alamofire
    - Charts
    - Differentiator
    - FLAnimatedImage
    - FoldingCell
    - HandyJSON
    - Hero
    - Kingfisher
    - lottie-ios
    - Material
    - MJRefresh
    - Motion
    - Moya
    - QMUIKit
    - Result
    - RxAtomic
    - RxBlocking
    - RxCocoa
    - RxDataSources
    - RxSwift
    - SDWebImage
    - SnapKit
    - SVProgressHUD

SPEC CHECKSUMS:
  Alamofire: c7287b6e5d7da964a70935e5db17046b7fde6568
  Charts: f122fb70b19847fa5817d018b77d6c5a2296ab25
  Differentiator: be49ca3408f0ecfc761e4c7763d20c62be01b9ad
  FLAnimatedImage: 4a0b56255d9b05f18b6dd7ee06871be5d3b89e31
  FoldingCell: 352f0211a53f957b885a1b37d5ffa875da90bca5
  HandyJSON: 9dfc026c7d7adc1f0f8ba8b181495f0e0763b0f4
  Hero: bac92350d7201a1a940003e0767c7b52ce7c99a1
  Kingfisher: 68498a706e46c2a050b0c9572f100e5db407f6e0
  lottie-ios: 3fef45d3fabe63e3c7c2eb603dd64ddfffc73062
  Material: 4ed78690b09ffd148b5ffab6b4367fb1d8da1cd3
  MJRefresh: 697f8ec75ebdbe9207767bb682cf0f51b0d8a41f
  Motion: 153ba49692997888556c7a95207278a8b1f8be95
  Moya: a725035953bc1c0eb1be505ab903984501d82440
  QMUIKit: 11bb452c3968bd45faa38d4f579d73d2ff97d82c
  Result: d2d07204ce72856f1fd9130bbe42c35a7b0fea10
  RxAtomic: eacf60db868c96bfd63320e28619fe29c179656f
  RxBlocking: 138ad53217434444d6eeeb4fb406a45431d92e31
  RxCocoa: df63ebf7b9a70d6b4eeea407ed5dd4efc8979749
  RxDataSources: a843bad90c29817f5923ec8163f4af2de084ceb3
  RxSwift: 5976ecd04fc2fefd648827c23de5e11157faa973
  SDWebImage: 624d6e296c69b244bcede364c72ae0430ac14681
  SnapKit: fe8a619752f3f27075cc9a90244d75c6c3f27e2a
  SVProgressHUD: 1428aafac632c1f86f62aa4243ec12008d7a51d6

PODFILE CHECKSUM: dc1ca4ffa0bc9048c5b6685a6b48b2ade992f5c6

COCOAPODS: 1.6.0.beta.2
