PODS:
  - Alamofire (4.7.3)
  - Charts (3.2.1):
    - Charts/Core (= 3.2.1)
  - Charts/Core (3.2.1)
  - Differentiator (3.1.0)
  - FLAnimatedImage (1.0.12)
  - FoldingCell (4.0.2)
  - HandyJSON (5.0.0-beta.1)
  - Hero (1.4.0)
  - KakaJSON (1.1.2)
  - Kingfisher (4.6.4)
  - lottie-ios (2.5.2)
  - Material (2.16.4):
    - Material/Core (= 2.16.4)
  - Material/Core (2.16.4):
    - Motion (~> 1.4.3)
  - MJRefresh (3.1.15.7)
  - Motion (1.4.3):
    - Motion/Core (= 1.4.3)
  - Motion/Core (1.4.3)
  - Moya/Core (13.0.1):
    - Alamofire (~> 4.1)
    - Result (~> 4.1)
  - Moya/RxSwift (13.0.1):
    - Moya/Core
    - RxSwift (~> 4.0)
  - RandomColorSwift (2.0.0)
  - Result (4.1.0)
  - RxAtomic (4.4.0)
  - RxBlocking (4.4.0):
    - RxAtomic (~> 4.4)
    - RxSwift (~> 4.0)
  - RxCocoa (4.4.0):
    - RxSwift (~> 4.0)
  - RxDataSources (3.1.0):
    - Differentiator (~> 3.0)
    - RxCocoa (~> 4.0)
    - RxSwift (~> 4.0)
  - RxSwift (4.4.0):
    - RxAtomic (~> 4.4)
  - SDWebImage (4.4.2):
    - SDWebImage/Core (= 4.4.2)
  - SDWebImage/Core (4.4.2)
  - SDWebImage/GIF (4.4.2):
    - FLAnimatedImage (~> 1.0)
    - SDWebImage/Core
  - SkeletonView (1.6)
  - SnapKit (4.2.0)
  - SVProgressHUD (2.2.5)

DEPENDENCIES:
  - Alamofire
  - Charts
  - FLAnimatedImage
  - FoldingCell
  - HandyJSON (~> 5.0.0-beta.1)
  - Hero
  - KakaJSON
  - Kingfisher (~> 4.6.0)
  - lottie-ios
  - Material
  - MJRefresh
  - Moya/RxSwift (~> 13.0.1)
  - RandomColorSwift
  - RxBlocking
  - RxCocoa
  - RxDataSources
  - RxSwift
  - SDWebImage
  - SDWebImage/GIF
  - SkeletonView
  - SnapKit
  - SVProgressHUD

SPEC REPOS:
  https://github.com/CocoaPods/Specs.git:
    - Alamofire
    - Charts
    - Differentiator
    - FLAnimatedImage
    - FoldingCell
    - HandyJSON
    - Hero
    - Kingfisher
    - lottie-ios
    - Material
    - MJRefresh
    - Motion
    - Moya
    - Result
    - RxAtomic
    - RxBlocking
    - RxCocoa
    - RxDataSources
    - RxSwift
    - SDWebImage
    - SkeletonView
    - SnapKit
    - SVProgressHUD
  trunk:
    - KakaJSON
    - RandomColorSwift

SPEC CHECKSUMS:
  Alamofire: c7287b6e5d7da964a70935e5db17046b7fde6568
  Charts: f122fb70b19847fa5817d018b77d6c5a2296ab25
  Differentiator: be49ca3408f0ecfc761e4c7763d20c62be01b9ad
  FLAnimatedImage: 4a0b56255d9b05f18b6dd7ee06871be5d3b89e31
  FoldingCell: 352f0211a53f957b885a1b37d5ffa875da90bca5
  HandyJSON: 582477127ab3ab65bd2e471815f1a7b846856978
  Hero: bac92350d7201a1a940003e0767c7b52ce7c99a1
  KakaJSON: cc5ff50a8c1cfbb09413db8496cb709a209e6137
  Kingfisher: 68498a706e46c2a050b0c9572f100e5db407f6e0
  lottie-ios: 3fef45d3fabe63e3c7c2eb603dd64ddfffc73062
  Material: 4ed78690b09ffd148b5ffab6b4367fb1d8da1cd3
  MJRefresh: 697f8ec75ebdbe9207767bb682cf0f51b0d8a41f
  Motion: 153ba49692997888556c7a95207278a8b1f8be95
  Moya: f4a4b80ff2f8a4ffc208dfb31cd91636622fee6e
  RandomColorSwift: d18b9b025403137b5543a002187489b06cc1782b
  Result: bd966fac789cc6c1563440b348ab2598cc24d5c7
  RxAtomic: eacf60db868c96bfd63320e28619fe29c179656f
  RxBlocking: 138ad53217434444d6eeeb4fb406a45431d92e31
  RxCocoa: df63ebf7b9a70d6b4eeea407ed5dd4efc8979749
  RxDataSources: a843bad90c29817f5923ec8163f4af2de084ceb3
  RxSwift: 5976ecd04fc2fefd648827c23de5e11157faa973
  SDWebImage: 624d6e296c69b244bcede364c72ae0430ac14681
  SkeletonView: 6c2bf622c352c7e36b4f3c8d73afc46d6c9360d6
  SnapKit: fe8a619752f3f27075cc9a90244d75c6c3f27e2a
  SVProgressHUD: 1428aafac632c1f86f62aa4243ec12008d7a51d6

PODFILE CHECKSUM: 4db3c341ac438f2588b72669d91b3be0d84cea7b

COCOAPODS: 1.8.3
