// !$*UTF8*$!
{
	archiveVersion = 1;
	classes = {
	};
	objectVersion = 51;
	objects = {

/* Begin PBXBuildFile section */
		B404B0CE3251BA57247102DA /* Pods_MyProject.framework in Frameworks */ = {isa = PBXBuildFile; fileRef = 752FA93416E6F1B96DF0B76B /* Pods_MyProject.framework */; };
		E1007B872182F28000E72898 /* MJRefreshableTool.swift in Sources */ = {isa = PBXBuildFile; fileRef = E1007B862182F28000E72898 /* MJRefreshableTool.swift */; };
		E12C5768218FF5F100CFE480 /* APIProvider.swift in Sources */ = {isa = PBXBuildFile; fileRef = E12C5767218FF5F100CFE480 /* APIProvider.swift */; };
		E12C576A218FF60A00CFE480 /* Resource.swift in Sources */ = {isa = PBXBuildFile; fileRef = E12C5769218FF60A00CFE480 /* Resource.swift */; };
		E1794E5924B7247F00230680 /* DanmuViewController.swift in Sources */ = {isa = PBXBuildFile; fileRef = E1794E1F24B7247F00230680 /* DanmuViewController.swift */; };
		E1794E5A24B7247F00230680 /* GCDController.swift in Sources */ = {isa = PBXBuildFile; fileRef = E1794E2124B7247F00230680 /* GCDController.swift */; };
		E1794E5B24B7247F00230680 /* AutoRotationViewController.swift in Sources */ = {isa = PBXBuildFile; fileRef = E1794E2424B7247F00230680 /* AutoRotationViewController.swift */; };
		E1794E5C24B7247F00230680 /* ForceLandscapeViewController.swift in Sources */ = {isa = PBXBuildFile; fileRef = E1794E2524B7247F00230680 /* ForceLandscapeViewController.swift */; };
		E1794E5D24B7247F00230680 /* DashBoardView.swift in Sources */ = {isa = PBXBuildFile; fileRef = E1794E2724B7247F00230680 /* DashBoardView.swift */; };
		E1794E5E24B7247F00230680 /* DashBoardController.swift in Sources */ = {isa = PBXBuildFile; fileRef = E1794E2824B7247F00230680 /* DashBoardController.swift */; };
		E1794E5F24B7247F00230680 /* TwitterViewController.swift in Sources */ = {isa = PBXBuildFile; fileRef = E1794E2A24B7247F00230680 /* TwitterViewController.swift */; };
		E1794E6024B7247F00230680 /* LaunchView.swift in Sources */ = {isa = PBXBuildFile; fileRef = E1794E2B24B7247F00230680 /* LaunchView.swift */; };
		E1794E6124B7247F00230680 /* PopAnimation.swift in Sources */ = {isa = PBXBuildFile; fileRef = E1794E2D24B7247F00230680 /* PopAnimation.swift */; };
		E1794E6224B7247F00230680 /* PopTransitionViewController.swift in Sources */ = {isa = PBXBuildFile; fileRef = E1794E2E24B7247F00230680 /* PopTransitionViewController.swift */; };
		E1794E6324B7247F00230680 /* PushAnimation.swift in Sources */ = {isa = PBXBuildFile; fileRef = E1794E2F24B7247F00230680 /* PushAnimation.swift */; };
		E1794E6424B7247F00230680 /* PushTransitionViewController.swift in Sources */ = {isa = PBXBuildFile; fileRef = E1794E3024B7247F00230680 /* PushTransitionViewController.swift */; };
		E1794E6524B7247F00230680 /* TransitionProcotol.swift in Sources */ = {isa = PBXBuildFile; fileRef = E1794E3124B7247F00230680 /* TransitionProcotol.swift */; };
		E1794E6624B7247F00230680 /* WaveView.swift in Sources */ = {isa = PBXBuildFile; fileRef = E1794E3324B7247F00230680 /* WaveView.swift */; };
		E1794E6724B7247F00230680 /* CircleView.swift in Sources */ = {isa = PBXBuildFile; fileRef = E1794E3424B7247F00230680 /* CircleView.swift */; };
		E1794E6824B7247F00230680 /* WaveLodingViewController.swift in Sources */ = {isa = PBXBuildFile; fileRef = E1794E3524B7247F00230680 /* WaveLodingViewController.swift */; };
		E1794E7324B7247F00230680 /* LeastCoinProblemViewController.swift in Sources */ = {isa = PBXBuildFile; fileRef = E1794E4824B7247F00230680 /* LeastCoinProblemViewController.swift */; };
		E1794E7424B7247F00230680 /* GithubModel.swift in Sources */ = {isa = PBXBuildFile; fileRef = E1794E4B24B7247F00230680 /* GithubModel.swift */; };
		E1794E7524B7247F00230680 /* GithubSearchService.swift in Sources */ = {isa = PBXBuildFile; fileRef = E1794E4C24B7247F00230680 /* GithubSearchService.swift */; };
		E1794E7624B7247F00230680 /* GithubRepoListController.swift in Sources */ = {isa = PBXBuildFile; fileRef = E1794E4D24B7247F00230680 /* GithubRepoListController.swift */; };
		E1794E7724B7247F00230680 /* GithubViewModel.swift in Sources */ = {isa = PBXBuildFile; fileRef = E1794E4E24B7247F00230680 /* GithubViewModel.swift */; };
		E1794E7824B7247F00230680 /* GithubRepoListCell.swift in Sources */ = {isa = PBXBuildFile; fileRef = E1794E5024B7247F00230680 /* GithubRepoListCell.swift */; };
		E1794E7924B7247F00230680 /* GithubRepoListRefreshController.swift in Sources */ = {isa = PBXBuildFile; fileRef = E1794E5124B7247F00230680 /* GithubRepoListRefreshController.swift */; };
		E1794E7A24B7247F00230680 /* RepoListViewModel.swift in Sources */ = {isa = PBXBuildFile; fileRef = E1794E5224B7247F00230680 /* RepoListViewModel.swift */; };
		E1794E7B24B7247F00230680 /* HahaMxViewModel.swift in Sources */ = {isa = PBXBuildFile; fileRef = E1794E5424B7247F00230680 /* HahaMxViewModel.swift */; };
		E1794E7C24B7247F00230680 /* HahaMxAPIService.swift in Sources */ = {isa = PBXBuildFile; fileRef = E1794E5524B7247F00230680 /* HahaMxAPIService.swift */; };
		E1794E7D24B7247F00230680 /* HahaMaxModel.swift in Sources */ = {isa = PBXBuildFile; fileRef = E1794E5624B7247F00230680 /* HahaMaxModel.swift */; };
		E1794E7E24B7247F00230680 /* JokeListCell.swift in Sources */ = {isa = PBXBuildFile; fileRef = E1794E5724B7247F00230680 /* JokeListCell.swift */; };
		E1794E7F24B7247F00230680 /* HahamxViewController.swift in Sources */ = {isa = PBXBuildFile; fileRef = E1794E5824B7247F00230680 /* HahamxViewController.swift */; };
		E1794E9024B724A700230680 /* ChartsViewController.swift in Sources */ = {isa = PBXBuildFile; fileRef = E1794E8224B724A700230680 /* ChartsViewController.swift */; };
		E1794E9124B724A700230680 /* BubbleViewController.swift in Sources */ = {isa = PBXBuildFile; fileRef = E1794E8424B724A700230680 /* BubbleViewController.swift */; };
		E1794E9224B724A700230680 /* BubbleView.swift in Sources */ = {isa = PBXBuildFile; fileRef = E1794E8524B724A700230680 /* BubbleView.swift */; };
		E1794E9324B724A700230680 /* FoldingCellViewController.swift in Sources */ = {isa = PBXBuildFile; fileRef = E1794E8724B724A700230680 /* FoldingCellViewController.swift */; };
		E1794E9424B724A700230680 /* FoldingListCell.swift in Sources */ = {isa = PBXBuildFile; fileRef = E1794E8824B724A700230680 /* FoldingListCell.swift */; };
		E1794E9524B724A700230680 /* LottieViewController.swift in Sources */ = {isa = PBXBuildFile; fileRef = E1794E8A24B724A700230680 /* LottieViewController.swift */; };
		E1794E9624B724A700230680 /* HoverCollectionController.swift in Sources */ = {isa = PBXBuildFile; fileRef = E1794E8C24B724A700230680 /* HoverCollectionController.swift */; };
		E1794E9724B724A700230680 /* HoverCollectionViewCell.swift in Sources */ = {isa = PBXBuildFile; fileRef = E1794E8D24B724A700230680 /* HoverCollectionViewCell.swift */; };
		E1794E9824B724A700230680 /* HoverCollectionReusableView.swift in Sources */ = {isa = PBXBuildFile; fileRef = E1794E8E24B724A700230680 /* HoverCollectionReusableView.swift */; };
		E1794E9924B724A700230680 /* HoverCollectionFlowLayout.swift in Sources */ = {isa = PBXBuildFile; fileRef = E1794E8F24B724A700230680 /* HoverCollectionFlowLayout.swift */; };
		E1A0FEA720B26E9700044403 /* AppDelegate.swift in Sources */ = {isa = PBXBuildFile; fileRef = E1A0FEA620B26E9700044403 /* AppDelegate.swift */; };
		E1A0FEC620B272F600044403 /* ThirdReference.swift in Sources */ = {isa = PBXBuildFile; fileRef = E1A0FEBF20B272F500044403 /* ThirdReference.swift */; };
		E1A0FEC720B272F600044403 /* Log.swift in Sources */ = {isa = PBXBuildFile; fileRef = E1A0FEC120B272F500044403 /* Log.swift */; };
		E1A0FED020B273C400044403 /* Assets.xcassets in Resources */ = {isa = PBXBuildFile; fileRef = E1A0FECA20B273C300044403 /* Assets.xcassets */; };
		E1A0FED120B273C400044403 /* LaunchScreen.storyboard in Resources */ = {isa = PBXBuildFile; fileRef = E1A0FECC20B273C300044403 /* LaunchScreen.storyboard */; };
		E1A0FED220B273C400044403 /* ImageAsset.swift in Sources */ = {isa = PBXBuildFile; fileRef = E1A0FECE20B273C400044403 /* ImageAsset.swift */; };
		E1A805B7214B5E070027AE5A /* TwitterHeart.json in Resources */ = {isa = PBXBuildFile; fileRef = E1A805B5214B5E070027AE5A /* TwitterHeart.json */; };
		E1A805B8214B5E070027AE5A /* Switch.json in Resources */ = {isa = PBXBuildFile; fileRef = E1A805B6214B5E070027AE5A /* Switch.json */; };
		E1B70ACB24B409AD00E8200B /* ToolObject.swift in Sources */ = {isa = PBXBuildFile; fileRef = E1B70ACA24B409AD00E8200B /* ToolObject.swift */; };
		E1CDE31320B27499009E04D1 /* BaseViewController.swift in Sources */ = {isa = PBXBuildFile; fileRef = E1CDE31220B27499009E04D1 /* BaseViewController.swift */; };
		E1CDE31620B27747009E04D1 /* NavigationController.swift in Sources */ = {isa = PBXBuildFile; fileRef = E1CDE31520B27747009E04D1 /* NavigationController.swift */; };
		E1CDE31920B27786009E04D1 /* HomeTableViewController.swift in Sources */ = {isa = PBXBuildFile; fileRef = E1CDE31820B27786009E04D1 /* HomeTableViewController.swift */; };
		E1CDE31B20B27BCF009E04D1 /* UITableView+Extension.swift in Sources */ = {isa = PBXBuildFile; fileRef = E1CDE31A20B27BCF009E04D1 /* UITableView+Extension.swift */; };
		E1CDE31D20B29C01009E04D1 /* WebViewController.swift in Sources */ = {isa = PBXBuildFile; fileRef = E1CDE31C20B29C01009E04D1 /* WebViewController.swift */; };
		E1CDE33720BD07A2009E04D1 /* RxSwift+Observable.swift in Sources */ = {isa = PBXBuildFile; fileRef = E1CDE33620BD07A2009E04D1 /* RxSwift+Observable.swift */; };
/* End PBXBuildFile section */

/* Begin PBXFileReference section */
		17208B5683E5E7FA2E692542 /* Pods-MyProject.release.xcconfig */ = {isa = PBXFileReference; includeInIndex = 1; lastKnownFileType = text.xcconfig; name = "Pods-MyProject.release.xcconfig"; path = "Pods/Target Support Files/Pods-MyProject/Pods-MyProject.release.xcconfig"; sourceTree = "<group>"; };
		752FA93416E6F1B96DF0B76B /* Pods_MyProject.framework */ = {isa = PBXFileReference; explicitFileType = wrapper.framework; includeInIndex = 0; path = Pods_MyProject.framework; sourceTree = BUILT_PRODUCTS_DIR; };
		AC02DA62A7FADD8A7DE0839E /* Pods-MyProject.debug.xcconfig */ = {isa = PBXFileReference; includeInIndex = 1; lastKnownFileType = text.xcconfig; name = "Pods-MyProject.debug.xcconfig"; path = "Pods/Target Support Files/Pods-MyProject/Pods-MyProject.debug.xcconfig"; sourceTree = "<group>"; };
		E1007B862182F28000E72898 /* MJRefreshableTool.swift */ = {isa = PBXFileReference; fileEncoding = 4; lastKnownFileType = sourcecode.swift; path = MJRefreshableTool.swift; sourceTree = "<group>"; };
		E12C5767218FF5F100CFE480 /* APIProvider.swift */ = {isa = PBXFileReference; lastKnownFileType = sourcecode.swift; path = APIProvider.swift; sourceTree = "<group>"; };
		E12C5769218FF60A00CFE480 /* Resource.swift */ = {isa = PBXFileReference; lastKnownFileType = sourcecode.swift; path = Resource.swift; sourceTree = "<group>"; };
		E1794E1F24B7247F00230680 /* DanmuViewController.swift */ = {isa = PBXFileReference; fileEncoding = 4; lastKnownFileType = sourcecode.swift; path = DanmuViewController.swift; sourceTree = "<group>"; };
		E1794E2124B7247F00230680 /* GCDController.swift */ = {isa = PBXFileReference; fileEncoding = 4; lastKnownFileType = sourcecode.swift; path = GCDController.swift; sourceTree = "<group>"; };
		E1794E2424B7247F00230680 /* AutoRotationViewController.swift */ = {isa = PBXFileReference; fileEncoding = 4; lastKnownFileType = sourcecode.swift; path = AutoRotationViewController.swift; sourceTree = "<group>"; };
		E1794E2524B7247F00230680 /* ForceLandscapeViewController.swift */ = {isa = PBXFileReference; fileEncoding = 4; lastKnownFileType = sourcecode.swift; path = ForceLandscapeViewController.swift; sourceTree = "<group>"; };
		E1794E2724B7247F00230680 /* DashBoardView.swift */ = {isa = PBXFileReference; fileEncoding = 4; lastKnownFileType = sourcecode.swift; path = DashBoardView.swift; sourceTree = "<group>"; };
		E1794E2824B7247F00230680 /* DashBoardController.swift */ = {isa = PBXFileReference; fileEncoding = 4; lastKnownFileType = sourcecode.swift; path = DashBoardController.swift; sourceTree = "<group>"; };
		E1794E2A24B7247F00230680 /* TwitterViewController.swift */ = {isa = PBXFileReference; fileEncoding = 4; lastKnownFileType = sourcecode.swift; path = TwitterViewController.swift; sourceTree = "<group>"; };
		E1794E2B24B7247F00230680 /* LaunchView.swift */ = {isa = PBXFileReference; fileEncoding = 4; lastKnownFileType = sourcecode.swift; path = LaunchView.swift; sourceTree = "<group>"; };
		E1794E2D24B7247F00230680 /* PopAnimation.swift */ = {isa = PBXFileReference; fileEncoding = 4; lastKnownFileType = sourcecode.swift; path = PopAnimation.swift; sourceTree = "<group>"; };
		E1794E2E24B7247F00230680 /* PopTransitionViewController.swift */ = {isa = PBXFileReference; fileEncoding = 4; lastKnownFileType = sourcecode.swift; path = PopTransitionViewController.swift; sourceTree = "<group>"; };
		E1794E2F24B7247F00230680 /* PushAnimation.swift */ = {isa = PBXFileReference; fileEncoding = 4; lastKnownFileType = sourcecode.swift; path = PushAnimation.swift; sourceTree = "<group>"; };
		E1794E3024B7247F00230680 /* PushTransitionViewController.swift */ = {isa = PBXFileReference; fileEncoding = 4; lastKnownFileType = sourcecode.swift; path = PushTransitionViewController.swift; sourceTree = "<group>"; };
		E1794E3124B7247F00230680 /* TransitionProcotol.swift */ = {isa = PBXFileReference; fileEncoding = 4; lastKnownFileType = sourcecode.swift; path = TransitionProcotol.swift; sourceTree = "<group>"; };
		E1794E3324B7247F00230680 /* WaveView.swift */ = {isa = PBXFileReference; fileEncoding = 4; lastKnownFileType = sourcecode.swift; path = WaveView.swift; sourceTree = "<group>"; };
		E1794E3424B7247F00230680 /* CircleView.swift */ = {isa = PBXFileReference; fileEncoding = 4; lastKnownFileType = sourcecode.swift; path = CircleView.swift; sourceTree = "<group>"; };
		E1794E3524B7247F00230680 /* WaveLodingViewController.swift */ = {isa = PBXFileReference; fileEncoding = 4; lastKnownFileType = sourcecode.swift; path = WaveLodingViewController.swift; sourceTree = "<group>"; };
		E1794E4824B7247F00230680 /* LeastCoinProblemViewController.swift */ = {isa = PBXFileReference; fileEncoding = 4; lastKnownFileType = sourcecode.swift; path = LeastCoinProblemViewController.swift; sourceTree = "<group>"; };
		E1794E4B24B7247F00230680 /* GithubModel.swift */ = {isa = PBXFileReference; fileEncoding = 4; lastKnownFileType = sourcecode.swift; path = GithubModel.swift; sourceTree = "<group>"; };
		E1794E4C24B7247F00230680 /* GithubSearchService.swift */ = {isa = PBXFileReference; fileEncoding = 4; lastKnownFileType = sourcecode.swift; path = GithubSearchService.swift; sourceTree = "<group>"; };
		E1794E4D24B7247F00230680 /* GithubRepoListController.swift */ = {isa = PBXFileReference; fileEncoding = 4; lastKnownFileType = sourcecode.swift; path = GithubRepoListController.swift; sourceTree = "<group>"; };
		E1794E4E24B7247F00230680 /* GithubViewModel.swift */ = {isa = PBXFileReference; fileEncoding = 4; lastKnownFileType = sourcecode.swift; path = GithubViewModel.swift; sourceTree = "<group>"; };
		E1794E5024B7247F00230680 /* GithubRepoListCell.swift */ = {isa = PBXFileReference; fileEncoding = 4; lastKnownFileType = sourcecode.swift; path = GithubRepoListCell.swift; sourceTree = "<group>"; };
		E1794E5124B7247F00230680 /* GithubRepoListRefreshController.swift */ = {isa = PBXFileReference; fileEncoding = 4; lastKnownFileType = sourcecode.swift; path = GithubRepoListRefreshController.swift; sourceTree = "<group>"; };
		E1794E5224B7247F00230680 /* RepoListViewModel.swift */ = {isa = PBXFileReference; fileEncoding = 4; lastKnownFileType = sourcecode.swift; path = RepoListViewModel.swift; sourceTree = "<group>"; };
		E1794E5424B7247F00230680 /* HahaMxViewModel.swift */ = {isa = PBXFileReference; fileEncoding = 4; lastKnownFileType = sourcecode.swift; path = HahaMxViewModel.swift; sourceTree = "<group>"; };
		E1794E5524B7247F00230680 /* HahaMxAPIService.swift */ = {isa = PBXFileReference; fileEncoding = 4; lastKnownFileType = sourcecode.swift; path = HahaMxAPIService.swift; sourceTree = "<group>"; };
		E1794E5624B7247F00230680 /* HahaMaxModel.swift */ = {isa = PBXFileReference; fileEncoding = 4; lastKnownFileType = sourcecode.swift; path = HahaMaxModel.swift; sourceTree = "<group>"; };
		E1794E5724B7247F00230680 /* JokeListCell.swift */ = {isa = PBXFileReference; fileEncoding = 4; lastKnownFileType = sourcecode.swift; path = JokeListCell.swift; sourceTree = "<group>"; };
		E1794E5824B7247F00230680 /* HahamxViewController.swift */ = {isa = PBXFileReference; fileEncoding = 4; lastKnownFileType = sourcecode.swift; path = HahamxViewController.swift; sourceTree = "<group>"; };
		E1794E8224B724A700230680 /* ChartsViewController.swift */ = {isa = PBXFileReference; fileEncoding = 4; lastKnownFileType = sourcecode.swift; path = ChartsViewController.swift; sourceTree = "<group>"; };
		E1794E8424B724A700230680 /* BubbleViewController.swift */ = {isa = PBXFileReference; fileEncoding = 4; lastKnownFileType = sourcecode.swift; path = BubbleViewController.swift; sourceTree = "<group>"; };
		E1794E8524B724A700230680 /* BubbleView.swift */ = {isa = PBXFileReference; fileEncoding = 4; lastKnownFileType = sourcecode.swift; path = BubbleView.swift; sourceTree = "<group>"; };
		E1794E8724B724A700230680 /* FoldingCellViewController.swift */ = {isa = PBXFileReference; fileEncoding = 4; lastKnownFileType = sourcecode.swift; path = FoldingCellViewController.swift; sourceTree = "<group>"; };
		E1794E8824B724A700230680 /* FoldingListCell.swift */ = {isa = PBXFileReference; fileEncoding = 4; lastKnownFileType = sourcecode.swift; path = FoldingListCell.swift; sourceTree = "<group>"; };
		E1794E8A24B724A700230680 /* LottieViewController.swift */ = {isa = PBXFileReference; fileEncoding = 4; lastKnownFileType = sourcecode.swift; path = LottieViewController.swift; sourceTree = "<group>"; };
		E1794E8C24B724A700230680 /* HoverCollectionController.swift */ = {isa = PBXFileReference; fileEncoding = 4; lastKnownFileType = sourcecode.swift; path = HoverCollectionController.swift; sourceTree = "<group>"; };
		E1794E8D24B724A700230680 /* HoverCollectionViewCell.swift */ = {isa = PBXFileReference; fileEncoding = 4; lastKnownFileType = sourcecode.swift; path = HoverCollectionViewCell.swift; sourceTree = "<group>"; };
		E1794E8E24B724A700230680 /* HoverCollectionReusableView.swift */ = {isa = PBXFileReference; fileEncoding = 4; lastKnownFileType = sourcecode.swift; path = HoverCollectionReusableView.swift; sourceTree = "<group>"; };
		E1794E8F24B724A700230680 /* HoverCollectionFlowLayout.swift */ = {isa = PBXFileReference; fileEncoding = 4; lastKnownFileType = sourcecode.swift; path = HoverCollectionFlowLayout.swift; sourceTree = "<group>"; };
		E1A0FEA320B26E9700044403 /* MyProject.app */ = {isa = PBXFileReference; explicitFileType = wrapper.application; includeInIndex = 0; path = MyProject.app; sourceTree = BUILT_PRODUCTS_DIR; };
		E1A0FEA620B26E9700044403 /* AppDelegate.swift */ = {isa = PBXFileReference; lastKnownFileType = sourcecode.swift; path = AppDelegate.swift; sourceTree = "<group>"; };
		E1A0FEBF20B272F500044403 /* ThirdReference.swift */ = {isa = PBXFileReference; fileEncoding = 4; lastKnownFileType = sourcecode.swift; path = ThirdReference.swift; sourceTree = "<group>"; };
		E1A0FEC120B272F500044403 /* Log.swift */ = {isa = PBXFileReference; fileEncoding = 4; lastKnownFileType = sourcecode.swift; path = Log.swift; sourceTree = "<group>"; };
		E1A0FECA20B273C300044403 /* Assets.xcassets */ = {isa = PBXFileReference; lastKnownFileType = folder.assetcatalog; path = Assets.xcassets; sourceTree = "<group>"; };
		E1A0FECD20B273C300044403 /* Base */ = {isa = PBXFileReference; lastKnownFileType = file.storyboard; name = Base; path = LaunchScreen.storyboard; sourceTree = "<group>"; };
		E1A0FECE20B273C400044403 /* ImageAsset.swift */ = {isa = PBXFileReference; fileEncoding = 4; lastKnownFileType = sourcecode.swift; path = ImageAsset.swift; sourceTree = "<group>"; };
		E1A0FECF20B273C400044403 /* Info.plist */ = {isa = PBXFileReference; fileEncoding = 4; lastKnownFileType = text.plist.xml; path = Info.plist; sourceTree = "<group>"; };
		E1A805B5214B5E070027AE5A /* TwitterHeart.json */ = {isa = PBXFileReference; fileEncoding = 4; lastKnownFileType = text.json; path = TwitterHeart.json; sourceTree = "<group>"; };
		E1A805B6214B5E070027AE5A /* Switch.json */ = {isa = PBXFileReference; fileEncoding = 4; lastKnownFileType = text.json; path = Switch.json; sourceTree = "<group>"; };
		E1B70AA624B3206500E8200B /* MyProject.entitlements */ = {isa = PBXFileReference; lastKnownFileType = text.plist.entitlements; path = MyProject.entitlements; sourceTree = "<group>"; };
		E1B70ACA24B409AD00E8200B /* ToolObject.swift */ = {isa = PBXFileReference; lastKnownFileType = sourcecode.swift; path = ToolObject.swift; sourceTree = "<group>"; };
		E1CDE31220B27499009E04D1 /* BaseViewController.swift */ = {isa = PBXFileReference; lastKnownFileType = sourcecode.swift; path = BaseViewController.swift; sourceTree = "<group>"; };
		E1CDE31420B274D8009E04D1 /* MyProject-Bridging-Header.h */ = {isa = PBXFileReference; lastKnownFileType = sourcecode.c.h; path = "MyProject-Bridging-Header.h"; sourceTree = "<group>"; };
		E1CDE31520B27747009E04D1 /* NavigationController.swift */ = {isa = PBXFileReference; lastKnownFileType = sourcecode.swift; path = NavigationController.swift; sourceTree = "<group>"; };
		E1CDE31820B27786009E04D1 /* HomeTableViewController.swift */ = {isa = PBXFileReference; lastKnownFileType = sourcecode.swift; path = HomeTableViewController.swift; sourceTree = "<group>"; };
		E1CDE31A20B27BCF009E04D1 /* UITableView+Extension.swift */ = {isa = PBXFileReference; lastKnownFileType = sourcecode.swift; path = "UITableView+Extension.swift"; sourceTree = "<group>"; };
		E1CDE31C20B29C01009E04D1 /* WebViewController.swift */ = {isa = PBXFileReference; lastKnownFileType = sourcecode.swift; path = WebViewController.swift; sourceTree = "<group>"; };
		E1CDE33620BD07A2009E04D1 /* RxSwift+Observable.swift */ = {isa = PBXFileReference; fileEncoding = 4; lastKnownFileType = sourcecode.swift; path = "RxSwift+Observable.swift"; sourceTree = "<group>"; };
/* End PBXFileReference section */

/* Begin PBXFrameworksBuildPhase section */
		E1A0FEA020B26E9700044403 /* Frameworks */ = {
			isa = PBXFrameworksBuildPhase;
			buildActionMask = 2147483647;
			files = (
				B404B0CE3251BA57247102DA /* Pods_MyProject.framework in Frameworks */,
			);
			runOnlyForDeploymentPostprocessing = 0;
		};
/* End PBXFrameworksBuildPhase section */

/* Begin PBXGroup section */
		C54A40908DD081FB75546AD3 /* Frameworks */ = {
			isa = PBXGroup;
			children = (
				752FA93416E6F1B96DF0B76B /* Pods_MyProject.framework */,
			);
			name = Frameworks;
			sourceTree = "<group>";
		};
		E1794E1D24B7247F00230680 /* 多线程 */ = {
			isa = PBXGroup;
			children = (
				E1794E1E24B7247F00230680 /* Danmu */,
				E1794E2024B7247F00230680 /* GCD */,
			);
			path = "多线程";
			sourceTree = "<group>";
		};
		E1794E1E24B7247F00230680 /* Danmu */ = {
			isa = PBXGroup;
			children = (
				E1794E1F24B7247F00230680 /* DanmuViewController.swift */,
			);
			path = Danmu;
			sourceTree = "<group>";
		};
		E1794E2024B7247F00230680 /* GCD */ = {
			isa = PBXGroup;
			children = (
				E1794E2124B7247F00230680 /* GCDController.swift */,
			);
			path = GCD;
			sourceTree = "<group>";
		};
		E1794E2224B7247F00230680 /* Animation */ = {
			isa = PBXGroup;
			children = (
				E1794E2324B7247F00230680 /* RotationInterfaceOrientations */,
				E1794E2624B7247F00230680 /* DashBoard */,
				E1794E2924B7247F00230680 /* TwitterLaunch */,
				E1794E2C24B7247F00230680 /* TransitionAnimate */,
				E1794E3224B7247F00230680 /* CircleWave */,
			);
			path = Animation;
			sourceTree = "<group>";
		};
		E1794E2324B7247F00230680 /* RotationInterfaceOrientations */ = {
			isa = PBXGroup;
			children = (
				E1794E2424B7247F00230680 /* AutoRotationViewController.swift */,
				E1794E2524B7247F00230680 /* ForceLandscapeViewController.swift */,
			);
			path = RotationInterfaceOrientations;
			sourceTree = "<group>";
		};
		E1794E2624B7247F00230680 /* DashBoard */ = {
			isa = PBXGroup;
			children = (
				E1794E2724B7247F00230680 /* DashBoardView.swift */,
				E1794E2824B7247F00230680 /* DashBoardController.swift */,
			);
			path = DashBoard;
			sourceTree = "<group>";
		};
		E1794E2924B7247F00230680 /* TwitterLaunch */ = {
			isa = PBXGroup;
			children = (
				E1794E2A24B7247F00230680 /* TwitterViewController.swift */,
				E1794E2B24B7247F00230680 /* LaunchView.swift */,
			);
			path = TwitterLaunch;
			sourceTree = "<group>";
		};
		E1794E2C24B7247F00230680 /* TransitionAnimate */ = {
			isa = PBXGroup;
			children = (
				E1794E2D24B7247F00230680 /* PopAnimation.swift */,
				E1794E2E24B7247F00230680 /* PopTransitionViewController.swift */,
				E1794E2F24B7247F00230680 /* PushAnimation.swift */,
				E1794E3024B7247F00230680 /* PushTransitionViewController.swift */,
				E1794E3124B7247F00230680 /* TransitionProcotol.swift */,
			);
			path = TransitionAnimate;
			sourceTree = "<group>";
		};
		E1794E3224B7247F00230680 /* CircleWave */ = {
			isa = PBXGroup;
			children = (
				E1794E3324B7247F00230680 /* WaveView.swift */,
				E1794E3424B7247F00230680 /* CircleView.swift */,
				E1794E3524B7247F00230680 /* WaveLodingViewController.swift */,
			);
			path = CircleWave;
			sourceTree = "<group>";
		};
		E1794E4624B7247F00230680 /* 算法 */ = {
			isa = PBXGroup;
			children = (
				E1794E4724B7247F00230680 /* LeastCoin */,
			);
			path = "算法";
			sourceTree = "<group>";
		};
		E1794E4724B7247F00230680 /* LeastCoin */ = {
			isa = PBXGroup;
			children = (
				E1794E4824B7247F00230680 /* LeastCoinProblemViewController.swift */,
			);
			path = LeastCoin;
			sourceTree = "<group>";
		};
		E1794E4924B7247F00230680 /* RxSwift */ = {
			isa = PBXGroup;
			children = (
				E1794E4A24B7247F00230680 /* GithubRepoSearch */,
				E1794E4F24B7247F00230680 /* GithubListRefresh */,
				E1794E5324B7247F00230680 /* HahaMx */,
			);
			path = RxSwift;
			sourceTree = "<group>";
		};
		E1794E4A24B7247F00230680 /* GithubRepoSearch */ = {
			isa = PBXGroup;
			children = (
				E1794E4B24B7247F00230680 /* GithubModel.swift */,
				E1794E4C24B7247F00230680 /* GithubSearchService.swift */,
				E1794E4D24B7247F00230680 /* GithubRepoListController.swift */,
				E1794E4E24B7247F00230680 /* GithubViewModel.swift */,
			);
			path = GithubRepoSearch;
			sourceTree = "<group>";
		};
		E1794E4F24B7247F00230680 /* GithubListRefresh */ = {
			isa = PBXGroup;
			children = (
				E1794E5024B7247F00230680 /* GithubRepoListCell.swift */,
				E1794E5124B7247F00230680 /* GithubRepoListRefreshController.swift */,
				E1794E5224B7247F00230680 /* RepoListViewModel.swift */,
			);
			path = GithubListRefresh;
			sourceTree = "<group>";
		};
		E1794E5324B7247F00230680 /* HahaMx */ = {
			isa = PBXGroup;
			children = (
				E1794E5424B7247F00230680 /* HahaMxViewModel.swift */,
				E1794E5524B7247F00230680 /* HahaMxAPIService.swift */,
				E1794E5624B7247F00230680 /* HahaMaxModel.swift */,
				E1794E5724B7247F00230680 /* JokeListCell.swift */,
				E1794E5824B7247F00230680 /* HahamxViewController.swift */,
			);
			path = HahaMx;
			sourceTree = "<group>";
		};
		E1794E8024B724A700230680 /* UI */ = {
			isa = PBXGroup;
			children = (
				E1794E8124B724A700230680 /* Charts */,
				E1794E8324B724A700230680 /* Bubble */,
				E1794E8624B724A700230680 /* FoldingCell */,
				E1794E8924B724A700230680 /* Lottie */,
				E1794E8B24B724A700230680 /* HoverCollection */,
			);
			path = UI;
			sourceTree = "<group>";
		};
		E1794E8124B724A700230680 /* Charts */ = {
			isa = PBXGroup;
			children = (
				E1794E8224B724A700230680 /* ChartsViewController.swift */,
			);
			path = Charts;
			sourceTree = "<group>";
		};
		E1794E8324B724A700230680 /* Bubble */ = {
			isa = PBXGroup;
			children = (
				E1794E8424B724A700230680 /* BubbleViewController.swift */,
				E1794E8524B724A700230680 /* BubbleView.swift */,
			);
			path = Bubble;
			sourceTree = "<group>";
		};
		E1794E8624B724A700230680 /* FoldingCell */ = {
			isa = PBXGroup;
			children = (
				E1794E8724B724A700230680 /* FoldingCellViewController.swift */,
				E1794E8824B724A700230680 /* FoldingListCell.swift */,
			);
			path = FoldingCell;
			sourceTree = "<group>";
		};
		E1794E8924B724A700230680 /* Lottie */ = {
			isa = PBXGroup;
			children = (
				E1794E8A24B724A700230680 /* LottieViewController.swift */,
			);
			path = Lottie;
			sourceTree = "<group>";
		};
		E1794E8B24B724A700230680 /* HoverCollection */ = {
			isa = PBXGroup;
			children = (
				E1794E8C24B724A700230680 /* HoverCollectionController.swift */,
				E1794E8D24B724A700230680 /* HoverCollectionViewCell.swift */,
				E1794E8E24B724A700230680 /* HoverCollectionReusableView.swift */,
				E1794E8F24B724A700230680 /* HoverCollectionFlowLayout.swift */,
			);
			path = HoverCollection;
			sourceTree = "<group>";
		};
		E1A0FE9A20B26E9700044403 = {
			isa = PBXGroup;
			children = (
				E1A0FEA520B26E9700044403 /* MyProject */,
				E1A0FEA420B26E9700044403 /* Products */,
				F2D71636B289D8EEF113ADD0 /* Pods */,
				C54A40908DD081FB75546AD3 /* Frameworks */,
			);
			sourceTree = "<group>";
		};
		E1A0FEA420B26E9700044403 /* Products */ = {
			isa = PBXGroup;
			children = (
				E1A0FEA320B26E9700044403 /* MyProject.app */,
			);
			name = Products;
			sourceTree = "<group>";
		};
		E1A0FEA520B26E9700044403 /* MyProject */ = {
			isa = PBXGroup;
			children = (
				E1B70AA624B3206500E8200B /* MyProject.entitlements */,
				E1A0FEA620B26E9700044403 /* AppDelegate.swift */,
				E1A0FEBB20B272F500044403 /* Classes */,
				E1A0FED420B273D300044403 /* Support Files */,
			);
			path = MyProject;
			sourceTree = "<group>";
		};
		E1A0FEBB20B272F500044403 /* Classes */ = {
			isa = PBXGroup;
			children = (
				E1A0FEBC20B272F500044403 /* Util */,
				E1A0FEC220B272F500044403 /* NetWork */,
				E1A0FEC320B272F500044403 /* Common */,
				E1A0FEC420B272F500044403 /* Resource */,
				E1A0FEC520B272F500044403 /* ThirdParty */,
			);
			path = Classes;
			sourceTree = "<group>";
		};
		E1A0FEBC20B272F500044403 /* Util */ = {
			isa = PBXGroup;
			children = (
				E1A0FEBD20B272F500044403 /* Category */,
				E1A0FEBE20B272F500044403 /* Reference */,
				E1A0FEC020B272F500044403 /* Tool */,
			);
			path = Util;
			sourceTree = "<group>";
		};
		E1A0FEBD20B272F500044403 /* Category */ = {
			isa = PBXGroup;
			children = (
				E1CDE33620BD07A2009E04D1 /* RxSwift+Observable.swift */,
				E1CDE31A20B27BCF009E04D1 /* UITableView+Extension.swift */,
			);
			path = Category;
			sourceTree = "<group>";
		};
		E1A0FEBE20B272F500044403 /* Reference */ = {
			isa = PBXGroup;
			children = (
				E1A0FEBF20B272F500044403 /* ThirdReference.swift */,
				E1CDE31420B274D8009E04D1 /* MyProject-Bridging-Header.h */,
			);
			path = Reference;
			sourceTree = "<group>";
		};
		E1A0FEC020B272F500044403 /* Tool */ = {
			isa = PBXGroup;
			children = (
				E1007B862182F28000E72898 /* MJRefreshableTool.swift */,
				E1A0FEC120B272F500044403 /* Log.swift */,
				E1B70ACA24B409AD00E8200B /* ToolObject.swift */,
			);
			path = Tool;
			sourceTree = "<group>";
		};
		E1A0FEC220B272F500044403 /* NetWork */ = {
			isa = PBXGroup;
			children = (
				E12C5767218FF5F100CFE480 /* APIProvider.swift */,
			);
			path = NetWork;
			sourceTree = "<group>";
		};
		E1A0FEC320B272F500044403 /* Common */ = {
			isa = PBXGroup;
			children = (
				E1CDE31720B2775F009E04D1 /* Base */,
				E1794E8024B724A700230680 /* UI */,
				E1794E1D24B7247F00230680 /* 多线程 */,
				E1794E2224B7247F00230680 /* Animation */,
				E1794E4924B7247F00230680 /* RxSwift */,
				E1794E4624B7247F00230680 /* 算法 */,
			);
			path = Common;
			sourceTree = "<group>";
		};
		E1A0FEC420B272F500044403 /* Resource */ = {
			isa = PBXGroup;
			children = (
				E12C5769218FF60A00CFE480 /* Resource.swift */,
			);
			path = Resource;
			sourceTree = "<group>";
		};
		E1A0FEC520B272F500044403 /* ThirdParty */ = {
			isa = PBXGroup;
			children = (
			);
			path = ThirdParty;
			sourceTree = "<group>";
		};
		E1A0FECB20B273C300044403 /* Base.lproj */ = {
			isa = PBXGroup;
			children = (
				E1A0FECC20B273C300044403 /* LaunchScreen.storyboard */,
			);
			path = Base.lproj;
			sourceTree = "<group>";
		};
		E1A0FED420B273D300044403 /* Support Files */ = {
			isa = PBXGroup;
			children = (
				E1A805B6214B5E070027AE5A /* Switch.json */,
				E1A805B5214B5E070027AE5A /* TwitterHeart.json */,
				E1A0FECA20B273C300044403 /* Assets.xcassets */,
				E1A0FECB20B273C300044403 /* Base.lproj */,
				E1A0FECE20B273C400044403 /* ImageAsset.swift */,
				E1A0FECF20B273C400044403 /* Info.plist */,
			);
			name = "Support Files";
			sourceTree = "<group>";
		};
		E1CDE31720B2775F009E04D1 /* Base */ = {
			isa = PBXGroup;
			children = (
				E1CDE31220B27499009E04D1 /* BaseViewController.swift */,
				E1CDE31520B27747009E04D1 /* NavigationController.swift */,
				E1CDE31820B27786009E04D1 /* HomeTableViewController.swift */,
				E1CDE31C20B29C01009E04D1 /* WebViewController.swift */,
			);
			path = Base;
			sourceTree = "<group>";
		};
		F2D71636B289D8EEF113ADD0 /* Pods */ = {
			isa = PBXGroup;
			children = (
				AC02DA62A7FADD8A7DE0839E /* Pods-MyProject.debug.xcconfig */,
				17208B5683E5E7FA2E692542 /* Pods-MyProject.release.xcconfig */,
			);
			name = Pods;
			sourceTree = "<group>";
		};
/* End PBXGroup section */

/* Begin PBXNativeTarget section */
		E1A0FEA220B26E9700044403 /* MyProject */ = {
			isa = PBXNativeTarget;
			buildConfigurationList = E1A0FEB520B26E9B00044403 /* Build configuration list for PBXNativeTarget "MyProject" */;
			buildPhases = (
				908214567B2341C7284998DF /* [CP] Check Pods Manifest.lock */,
				E1A0FE9F20B26E9700044403 /* Sources */,
				E1A0FEA020B26E9700044403 /* Frameworks */,
				E1A0FEA120B26E9700044403 /* Resources */,
				90A044A0F0577B45E16046E3 /* [CP] Embed Pods Frameworks */,
				E1A0FEB820B270D600044403 /* ShellScript */,
			);
			buildRules = (
			);
			dependencies = (
			);
			name = MyProject;
			productName = MyProject;
			productReference = E1A0FEA320B26E9700044403 /* MyProject.app */;
			productType = "com.apple.product-type.application";
		};
/* End PBXNativeTarget section */

/* Begin PBXProject section */
		E1A0FE9B20B26E9700044403 /* Project object */ = {
			isa = PBXProject;
			attributes = {
				LastSwiftUpdateCheck = 0930;
				LastUpgradeCheck = 0930;
				ORGANIZATIONNAME = "胡浩三雄";
				TargetAttributes = {
					E1A0FEA220B26E9700044403 = {
						CreatedOnToolsVersion = 9.3;
					};
				};
			};
			buildConfigurationList = E1A0FE9E20B26E9700044403 /* Build configuration list for PBXProject "MyProject" */;
			compatibilityVersion = "Xcode 9.3";
			developmentRegion = en;
			hasScannedForEncodings = 0;
			knownRegions = (
				en,
				Base,
			);
			mainGroup = E1A0FE9A20B26E9700044403;
			productRefGroup = E1A0FEA420B26E9700044403 /* Products */;
			projectDirPath = "";
			projectRoot = "";
			targets = (
				E1A0FEA220B26E9700044403 /* MyProject */,
			);
		};
/* End PBXProject section */

/* Begin PBXResourcesBuildPhase section */
		E1A0FEA120B26E9700044403 /* Resources */ = {
			isa = PBXResourcesBuildPhase;
			buildActionMask = 2147483647;
			files = (
				E1A805B8214B5E070027AE5A /* Switch.json in Resources */,
				E1A805B7214B5E070027AE5A /* TwitterHeart.json in Resources */,
				E1A0FED020B273C400044403 /* Assets.xcassets in Resources */,
				E1A0FED120B273C400044403 /* LaunchScreen.storyboard in Resources */,
			);
			runOnlyForDeploymentPostprocessing = 0;
		};
/* End PBXResourcesBuildPhase section */

/* Begin PBXShellScriptBuildPhase section */
		908214567B2341C7284998DF /* [CP] Check Pods Manifest.lock */ = {
			isa = PBXShellScriptBuildPhase;
			buildActionMask = 2147483647;
			files = (
			);
			inputPaths = (
				"${PODS_PODFILE_DIR_PATH}/Podfile.lock",
				"${PODS_ROOT}/Manifest.lock",
			);
			name = "[CP] Check Pods Manifest.lock";
			outputPaths = (
				"$(DERIVED_FILE_DIR)/Pods-MyProject-checkManifestLockResult.txt",
			);
			runOnlyForDeploymentPostprocessing = 0;
			shellPath = /bin/sh;
			shellScript = "diff \"${PODS_PODFILE_DIR_PATH}/Podfile.lock\" \"${PODS_ROOT}/Manifest.lock\" > /dev/null\nif [ $? != 0 ] ; then\n    # print error to STDERR\n    echo \"error: The sandbox is not in sync with the Podfile.lock. Run 'pod install' or update your CocoaPods installation.\" >&2\n    exit 1\nfi\n# This output is used by Xcode 'outputs' to avoid re-running this script phase.\necho \"SUCCESS\" > \"${SCRIPT_OUTPUT_FILE_0}\"\n";
			showEnvVarsInLog = 0;
		};
		90A044A0F0577B45E16046E3 /* [CP] Embed Pods Frameworks */ = {
			isa = PBXShellScriptBuildPhase;
			buildActionMask = 2147483647;
			files = (
			);
			inputFileListPaths = (
				"${PODS_ROOT}/Target Support Files/Pods-MyProject/Pods-MyProject-frameworks-${CONFIGURATION}-input-files.xcfilelist",
			);
			name = "[CP] Embed Pods Frameworks";
			outputFileListPaths = (
				"${PODS_ROOT}/Target Support Files/Pods-MyProject/Pods-MyProject-frameworks-${CONFIGURATION}-output-files.xcfilelist",
			);
			runOnlyForDeploymentPostprocessing = 0;
			shellPath = /bin/sh;
			shellScript = "\"${PODS_ROOT}/Target Support Files/Pods-MyProject/Pods-MyProject-frameworks.sh\"\n";
			showEnvVarsInLog = 0;
		};
		E1A0FEB820B270D600044403 /* ShellScript */ = {
			isa = PBXShellScriptBuildPhase;
			buildActionMask = 2147483647;
			files = (
			);
			inputPaths = (
			);
			outputPaths = (
			);
			runOnlyForDeploymentPostprocessing = 0;
			shellPath = /bin/sh;
			shellScript = "if which \"$PROJECT_DIR\"/swiftgen-5.2.1/bin/swiftgen >/dev/null;\nthen\nset -e\n\"$PROJECT_DIR\"/swiftgen-5.2.1/bin/swiftgen xcassets -t my_swift4 \"$PROJECT_DIR/MyProject/Assets.xcassets\" --output \"$PROJECT_DIR/MyProject/ImageAsset.swift\"\nelse\necho \"##run echo warning: SwiftGen not installed, download it from https://github.com/SwiftGen/SwiftGen\"\nfi";
		};
/* End PBXShellScriptBuildPhase section */

/* Begin PBXSourcesBuildPhase section */
		E1A0FE9F20B26E9700044403 /* Sources */ = {
			isa = PBXSourcesBuildPhase;
			buildActionMask = 2147483647;
			files = (
				E1794E5E24B7247F00230680 /* DashBoardController.swift in Sources */,
				E1794E9024B724A700230680 /* ChartsViewController.swift in Sources */,
				E1794E6024B7247F00230680 /* LaunchView.swift in Sources */,
				E1794E7424B7247F00230680 /* GithubModel.swift in Sources */,
				E1794E5A24B7247F00230680 /* GCDController.swift in Sources */,
				E1794E7E24B7247F00230680 /* JokeListCell.swift in Sources */,
				E12C576A218FF60A00CFE480 /* Resource.swift in Sources */,
				E1CDE31320B27499009E04D1 /* BaseViewController.swift in Sources */,
				E1CDE31D20B29C01009E04D1 /* WebViewController.swift in Sources */,
				E1794E5924B7247F00230680 /* DanmuViewController.swift in Sources */,
				E1794E6424B7247F00230680 /* PushTransitionViewController.swift in Sources */,
				E1794E5F24B7247F00230680 /* TwitterViewController.swift in Sources */,
				E1CDE31620B27747009E04D1 /* NavigationController.swift in Sources */,
				E1794E9124B724A700230680 /* BubbleViewController.swift in Sources */,
				E1794E7B24B7247F00230680 /* HahaMxViewModel.swift in Sources */,
				E1A0FEA720B26E9700044403 /* AppDelegate.swift in Sources */,
				E1794E7624B7247F00230680 /* GithubRepoListController.swift in Sources */,
				E1794E7924B7247F00230680 /* GithubRepoListRefreshController.swift in Sources */,
				E1794E7C24B7247F00230680 /* HahaMxAPIService.swift in Sources */,
				E1CDE33720BD07A2009E04D1 /* RxSwift+Observable.swift in Sources */,
				E1794E5C24B7247F00230680 /* ForceLandscapeViewController.swift in Sources */,
				E1A0FEC720B272F600044403 /* Log.swift in Sources */,
				E1794E7F24B7247F00230680 /* HahamxViewController.swift in Sources */,
				E1CDE31920B27786009E04D1 /* HomeTableViewController.swift in Sources */,
				E1794E9724B724A700230680 /* HoverCollectionViewCell.swift in Sources */,
				E1794E9924B724A700230680 /* HoverCollectionFlowLayout.swift in Sources */,
				E1794E9224B724A700230680 /* BubbleView.swift in Sources */,
				E1A0FED220B273C400044403 /* ImageAsset.swift in Sources */,
				E1794E7324B7247F00230680 /* LeastCoinProblemViewController.swift in Sources */,
				E1794E6724B7247F00230680 /* CircleView.swift in Sources */,
				E12C5768218FF5F100CFE480 /* APIProvider.swift in Sources */,
				E1B70ACB24B409AD00E8200B /* ToolObject.swift in Sources */,
				E1794E9624B724A700230680 /* HoverCollectionController.swift in Sources */,
				E1794E5D24B7247F00230680 /* DashBoardView.swift in Sources */,
				E1794E9524B724A700230680 /* LottieViewController.swift in Sources */,
				E1794E9824B724A700230680 /* HoverCollectionReusableView.swift in Sources */,
				E1007B872182F28000E72898 /* MJRefreshableTool.swift in Sources */,
				E1794E7A24B7247F00230680 /* RepoListViewModel.swift in Sources */,
				E1794E5B24B7247F00230680 /* AutoRotationViewController.swift in Sources */,
				E1A0FEC620B272F600044403 /* ThirdReference.swift in Sources */,
				E1794E7724B7247F00230680 /* GithubViewModel.swift in Sources */,
				E1794E6124B7247F00230680 /* PopAnimation.swift in Sources */,
				E1794E6624B7247F00230680 /* WaveView.swift in Sources */,
				E1794E7D24B7247F00230680 /* HahaMaxModel.swift in Sources */,
				E1794E6524B7247F00230680 /* TransitionProcotol.swift in Sources */,
				E1794E6324B7247F00230680 /* PushAnimation.swift in Sources */,
				E1CDE31B20B27BCF009E04D1 /* UITableView+Extension.swift in Sources */,
				E1794E7524B7247F00230680 /* GithubSearchService.swift in Sources */,
				E1794E7824B7247F00230680 /* GithubRepoListCell.swift in Sources */,
				E1794E6824B7247F00230680 /* WaveLodingViewController.swift in Sources */,
				E1794E6224B7247F00230680 /* PopTransitionViewController.swift in Sources */,
				E1794E9324B724A700230680 /* FoldingCellViewController.swift in Sources */,
				E1794E9424B724A700230680 /* FoldingListCell.swift in Sources */,
			);
			runOnlyForDeploymentPostprocessing = 0;
		};
/* End PBXSourcesBuildPhase section */

/* Begin PBXVariantGroup section */
		E1A0FECC20B273C300044403 /* LaunchScreen.storyboard */ = {
			isa = PBXVariantGroup;
			children = (
				E1A0FECD20B273C300044403 /* Base */,
			);
			name = LaunchScreen.storyboard;
			sourceTree = "<group>";
		};
/* End PBXVariantGroup section */

/* Begin XCBuildConfiguration section */
		E1A0FEB320B26E9B00044403 /* Debug */ = {
			isa = XCBuildConfiguration;
			buildSettings = {
				ALWAYS_SEARCH_USER_PATHS = NO;
				CLANG_ANALYZER_NONNULL = YES;
				CLANG_ANALYZER_NUMBER_OBJECT_CONVERSION = YES_AGGRESSIVE;
				CLANG_CXX_LANGUAGE_STANDARD = "gnu++14";
				CLANG_CXX_LIBRARY = "libc++";
				CLANG_ENABLE_MODULES = YES;
				CLANG_ENABLE_OBJC_ARC = YES;
				CLANG_ENABLE_OBJC_WEAK = YES;
				CLANG_WARN_BLOCK_CAPTURE_AUTORELEASING = YES;
				CLANG_WARN_BOOL_CONVERSION = YES;
				CLANG_WARN_COMMA = YES;
				CLANG_WARN_CONSTANT_CONVERSION = YES;
				CLANG_WARN_DEPRECATED_OBJC_IMPLEMENTATIONS = YES;
				CLANG_WARN_DIRECT_OBJC_ISA_USAGE = YES_ERROR;
				CLANG_WARN_DOCUMENTATION_COMMENTS = YES;
				CLANG_WARN_EMPTY_BODY = YES;
				CLANG_WARN_ENUM_CONVERSION = YES;
				CLANG_WARN_INFINITE_RECURSION = YES;
				CLANG_WARN_INT_CONVERSION = YES;
				CLANG_WARN_NON_LITERAL_NULL_CONVERSION = YES;
				CLANG_WARN_OBJC_IMPLICIT_RETAIN_SELF = YES;
				CLANG_WARN_OBJC_LITERAL_CONVERSION = YES;
				CLANG_WARN_OBJC_ROOT_CLASS = YES_ERROR;
				CLANG_WARN_RANGE_LOOP_ANALYSIS = YES;
				CLANG_WARN_STRICT_PROTOTYPES = YES;
				CLANG_WARN_SUSPICIOUS_MOVE = YES;
				CLANG_WARN_UNGUARDED_AVAILABILITY = YES_AGGRESSIVE;
				CLANG_WARN_UNREACHABLE_CODE = YES;
				CLANG_WARN__DUPLICATE_METHOD_MATCH = YES;
				CODE_SIGN_IDENTITY = "iPhone Developer";
				COPY_PHASE_STRIP = NO;
				DEBUG_INFORMATION_FORMAT = dwarf;
				ENABLE_STRICT_OBJC_MSGSEND = YES;
				ENABLE_TESTABILITY = YES;
				GCC_C_LANGUAGE_STANDARD = gnu11;
				GCC_DYNAMIC_NO_PIC = NO;
				GCC_NO_COMMON_BLOCKS = YES;
				GCC_OPTIMIZATION_LEVEL = 0;
				GCC_PREPROCESSOR_DEFINITIONS = (
					"DEBUG=1",
					"$(inherited)",
				);
				GCC_WARN_64_TO_32_BIT_CONVERSION = YES;
				GCC_WARN_ABOUT_RETURN_TYPE = YES_ERROR;
				GCC_WARN_UNDECLARED_SELECTOR = YES;
				GCC_WARN_UNINITIALIZED_AUTOS = YES_AGGRESSIVE;
				GCC_WARN_UNUSED_FUNCTION = YES;
				GCC_WARN_UNUSED_VARIABLE = YES;
				IPHONEOS_DEPLOYMENT_TARGET = 11.3;
				MTL_ENABLE_DEBUG_INFO = YES;
				ONLY_ACTIVE_ARCH = YES;
				SDKROOT = iphoneos;
				SWIFT_ACTIVE_COMPILATION_CONDITIONS = DEBUG;
				SWIFT_OPTIMIZATION_LEVEL = "-Onone";
			};
			name = Debug;
		};
		E1A0FEB420B26E9B00044403 /* Release */ = {
			isa = XCBuildConfiguration;
			buildSettings = {
				ALWAYS_SEARCH_USER_PATHS = NO;
				CLANG_ANALYZER_NONNULL = YES;
				CLANG_ANALYZER_NUMBER_OBJECT_CONVERSION = YES_AGGRESSIVE;
				CLANG_CXX_LANGUAGE_STANDARD = "gnu++14";
				CLANG_CXX_LIBRARY = "libc++";
				CLANG_ENABLE_MODULES = YES;
				CLANG_ENABLE_OBJC_ARC = YES;
				CLANG_ENABLE_OBJC_WEAK = YES;
				CLANG_WARN_BLOCK_CAPTURE_AUTORELEASING = YES;
				CLANG_WARN_BOOL_CONVERSION = YES;
				CLANG_WARN_COMMA = YES;
				CLANG_WARN_CONSTANT_CONVERSION = YES;
				CLANG_WARN_DEPRECATED_OBJC_IMPLEMENTATIONS = YES;
				CLANG_WARN_DIRECT_OBJC_ISA_USAGE = YES_ERROR;
				CLANG_WARN_DOCUMENTATION_COMMENTS = YES;
				CLANG_WARN_EMPTY_BODY = YES;
				CLANG_WARN_ENUM_CONVERSION = YES;
				CLANG_WARN_INFINITE_RECURSION = YES;
				CLANG_WARN_INT_CONVERSION = YES;
				CLANG_WARN_NON_LITERAL_NULL_CONVERSION = YES;
				CLANG_WARN_OBJC_IMPLICIT_RETAIN_SELF = YES;
				CLANG_WARN_OBJC_LITERAL_CONVERSION = YES;
				CLANG_WARN_OBJC_ROOT_CLASS = YES_ERROR;
				CLANG_WARN_RANGE_LOOP_ANALYSIS = YES;
				CLANG_WARN_STRICT_PROTOTYPES = YES;
				CLANG_WARN_SUSPICIOUS_MOVE = YES;
				CLANG_WARN_UNGUARDED_AVAILABILITY = YES_AGGRESSIVE;
				CLANG_WARN_UNREACHABLE_CODE = YES;
				CLANG_WARN__DUPLICATE_METHOD_MATCH = YES;
				CODE_SIGN_IDENTITY = "iPhone Developer";
				COPY_PHASE_STRIP = NO;
				DEBUG_INFORMATION_FORMAT = "dwarf-with-dsym";
				ENABLE_NS_ASSERTIONS = NO;
				ENABLE_STRICT_OBJC_MSGSEND = YES;
				GCC_C_LANGUAGE_STANDARD = gnu11;
				GCC_NO_COMMON_BLOCKS = YES;
				GCC_WARN_64_TO_32_BIT_CONVERSION = YES;
				GCC_WARN_ABOUT_RETURN_TYPE = YES_ERROR;
				GCC_WARN_UNDECLARED_SELECTOR = YES;
				GCC_WARN_UNINITIALIZED_AUTOS = YES_AGGRESSIVE;
				GCC_WARN_UNUSED_FUNCTION = YES;
				GCC_WARN_UNUSED_VARIABLE = YES;
				IPHONEOS_DEPLOYMENT_TARGET = 11.3;
				MTL_ENABLE_DEBUG_INFO = NO;
				SDKROOT = iphoneos;
				SWIFT_COMPILATION_MODE = wholemodule;
				SWIFT_OPTIMIZATION_LEVEL = "-O";
				VALIDATE_PRODUCT = YES;
			};
			name = Release;
		};
		E1A0FEB620B26E9B00044403 /* Debug */ = {
			isa = XCBuildConfiguration;
			baseConfigurationReference = AC02DA62A7FADD8A7DE0839E /* Pods-MyProject.debug.xcconfig */;
			buildSettings = {
				ASSETCATALOG_COMPILER_APPICON_NAME = AppIcon;
				CODE_SIGN_ENTITLEMENTS = MyProject/MyProject.entitlements;
				CODE_SIGN_IDENTITY = "Apple Development";
				CODE_SIGN_STYLE = Automatic;
				DEVELOPMENT_TEAM = XJHRVPW773;
				INFOPLIST_FILE = MyProject/Info.plist;
				IPHONEOS_DEPLOYMENT_TARGET = 9.0;
				LD_RUNPATH_SEARCH_PATHS = (
					"$(inherited)",
					"@executable_path/Frameworks",
				);
				PRODUCT_BUNDLE_IDENTIFIER = com.huhsx.MyProject;
				PRODUCT_NAME = "$(TARGET_NAME)";
				PROVISIONING_PROFILE_SPECIFIER = "";
				SWIFT_OBJC_BRIDGING_HEADER = "MyProject/Classes/Util/Reference/MyProject-Bridging-Header.h";
				SWIFT_VERSION = 5.0;
				TARGETED_DEVICE_FAMILY = "1,2";
			};
			name = Debug;
		};
		E1A0FEB720B26E9B00044403 /* Release */ = {
			isa = XCBuildConfiguration;
			baseConfigurationReference = 17208B5683E5E7FA2E692542 /* Pods-MyProject.release.xcconfig */;
			buildSettings = {
				ASSETCATALOG_COMPILER_APPICON_NAME = AppIcon;
				CODE_SIGN_ENTITLEMENTS = MyProject/MyProject.entitlements;
				CODE_SIGN_IDENTITY = "Apple Development";
				CODE_SIGN_STYLE = Automatic;
				DEVELOPMENT_TEAM = XJHRVPW773;
				INFOPLIST_FILE = MyProject/Info.plist;
				IPHONEOS_DEPLOYMENT_TARGET = 9.0;
				LD_RUNPATH_SEARCH_PATHS = (
					"$(inherited)",
					"@executable_path/Frameworks",
				);
				PRODUCT_BUNDLE_IDENTIFIER = com.huhsx.MyProject;
				PRODUCT_NAME = "$(TARGET_NAME)";
				PROVISIONING_PROFILE_SPECIFIER = "";
				SWIFT_OBJC_BRIDGING_HEADER = "MyProject/Classes/Util/Reference/MyProject-Bridging-Header.h";
				SWIFT_VERSION = 5.0;
				TARGETED_DEVICE_FAMILY = "1,2";
			};
			name = Release;
		};
/* End XCBuildConfiguration section */

/* Begin XCConfigurationList section */
		E1A0FE9E20B26E9700044403 /* Build configuration list for PBXProject "MyProject" */ = {
			isa = XCConfigurationList;
			buildConfigurations = (
				E1A0FEB320B26E9B00044403 /* Debug */,
				E1A0FEB420B26E9B00044403 /* Release */,
			);
			defaultConfigurationIsVisible = 0;
			defaultConfigurationName = Release;
		};
		E1A0FEB520B26E9B00044403 /* Build configuration list for PBXNativeTarget "MyProject" */ = {
			isa = XCConfigurationList;
			buildConfigurations = (
				E1A0FEB620B26E9B00044403 /* Debug */,
				E1A0FEB720B26E9B00044403 /* Release */,
			);
			defaultConfigurationIsVisible = 0;
			defaultConfigurationName = Release;
		};
/* End XCConfigurationList section */
	};
	rootObject = E1A0FE9B20B26E9700044403 /* Project object */;
}
